PODS:
  - PixelPerfectSwift (0.1.1)

DEPENDENCIES:
  - PixelPerfectSwift

SPEC REPOS:
  https://github.com/cocoapods/specs.git:
    - PixelPerfectSwift

SPEC CHECKSUMS:
  PixelPerfectSwift: 7350fe09dd1ec2643074f5920ef4ca32a17a8429

PODFILE CHECKSUM: 77b62dbe48348454efee98dc904337f6ac53c787

COCOAPODS: 1.5.3
