// !$*UTF8*$!
{
	archiveVersion = 1;
	classes = {
	};
	objectVersion = 50;
	objects = {

/* Begin PBXBuildFile section */
		540E012F21B867A50033F220 /* Colors.swift in Sources */ = {isa = PBXBuildFile; fileRef = 540E012E21B867A50033F220 /* Colors.swift */; };
		540E013121B867CE0033F220 /* Fonts.swift in Sources */ = {isa = PBXBuildFile; fileRef = 540E013021B867CE0033F220 /* Fonts.swift */; };
		540E013321B86C230033F220 /* LoginViewController.swift in Sources */ = {isa = PBXBuildFile; fileRef = 540E013221B86C230033F220 /* LoginViewController.swift */; };
		540E013B21B86DEA0033F220 /* LoginButton.swift in Sources */ = {isa = PBXBuildFile; fileRef = 540E013A21B86DEA0033F220 /* LoginButton.swift */; };
		540E013D21B86F250033F220 /* Shadows.swift in Sources */ = {isa = PBXBuildFile; fileRef = 540E013C21B86F250033F220 /* Shadows.swift */; };
		540E014021B87C390033F220 /* UIView+CornersWithShadow.swift in Sources */ = {isa = PBXBuildFile; fileRef = 540E013F21B87C390033F220 /* UIView+CornersWithShadow.swift */; };
		5433285521B9ACEA00965443 /* MealTypesViewController.swift in Sources */ = {isa = PBXBuildFile; fileRef = 5433285421B9ACEA00965443 /* MealTypesViewController.swift */; };
		5433285921B9AD3200965443 /* MealTypeCell.swift in Sources */ = {isa = PBXBuildFile; fileRef = 5433285721B9AD3200965443 /* MealTypeCell.swift */; };
		5433285A21B9AD3200965443 /* MealTypeCell.xib in Resources */ = {isa = PBXBuildFile; fileRef = 5433285821B9AD3200965443 /* MealTypeCell.xib */; };
		5433285C21B9AD4E00965443 /* Cells.swift in Sources */ = {isa = PBXBuildFile; fileRef = 5433285B21B9AD4E00965443 /* Cells.swift */; };
		5433285E21B9AFA200965443 /* StoryboardIds.swift in Sources */ = {isa = PBXBuildFile; fileRef = 5433285D21B9AFA200965443 /* StoryboardIds.swift */; };
		5433286021B9B19100965443 /* Router.swift in Sources */ = {isa = PBXBuildFile; fileRef = 5433285F21B9B19100965443 /* Router.swift */; };
		5433286221B9B8F800965443 /* UIViewController+RegisterNibs.swift in Sources */ = {isa = PBXBuildFile; fileRef = 5433286121B9B8F800965443 /* UIViewController+RegisterNibs.swift */; };
		5433286521B9C77400965443 /* ConatinerView.swift in Sources */ = {isa = PBXBuildFile; fileRef = 5433286421B9C77400965443 /* ConatinerView.swift */; };
		5438943A21A49C5E005435C4 /* AppDelegate.swift in Sources */ = {isa = PBXBuildFile; fileRef = 5438943921A49C5E005435C4 /* AppDelegate.swift */; };
		5438943F21A49C5E005435C4 /* Main.storyboard in Resources */ = {isa = PBXBuildFile; fileRef = 5438943D21A49C5E005435C4 /* Main.storyboard */; };
		5438944121A49C5F005435C4 /* Assets.xcassets in Resources */ = {isa = PBXBuildFile; fileRef = 5438944021A49C5F005435C4 /* Assets.xcassets */; };
		5438944421A49C5F005435C4 /* LaunchScreen.storyboard in Resources */ = {isa = PBXBuildFile; fileRef = 5438944221A49C5F005435C4 /* LaunchScreen.storyboard */; };
/* End PBXBuildFile section */

/* Begin PBXFileReference section */
		540E012E21B867A50033F220 /* Colors.swift */ = {isa = PBXFileReference; lastKnownFileType = sourcecode.swift; path = Colors.swift; sourceTree = "<group>"; };
		540E013021B867CE0033F220 /* Fonts.swift */ = {isa = PBXFileReference; lastKnownFileType = sourcecode.swift; path = Fonts.swift; sourceTree = "<group>"; };
		540E013221B86C230033F220 /* LoginViewController.swift */ = {isa = PBXFileReference; lastKnownFileType = sourcecode.swift; path = LoginViewController.swift; sourceTree = "<group>"; };
		540E013A21B86DEA0033F220 /* LoginButton.swift */ = {isa = PBXFileReference; lastKnownFileType = sourcecode.swift; path = LoginButton.swift; sourceTree = "<group>"; };
		540E013C21B86F250033F220 /* Shadows.swift */ = {isa = PBXFileReference; lastKnownFileType = sourcecode.swift; path = Shadows.swift; sourceTree = "<group>"; };
		540E013F21B87C390033F220 /* UIView+CornersWithShadow.swift */ = {isa = PBXFileReference; lastKnownFileType = sourcecode.swift; path = "UIView+CornersWithShadow.swift"; sourceTree = "<group>"; };
		5433285421B9ACEA00965443 /* MealTypesViewController.swift */ = {isa = PBXFileReference; lastKnownFileType = sourcecode.swift; path = MealTypesViewController.swift; sourceTree = "<group>"; };
		5433285721B9AD3200965443 /* MealTypeCell.swift */ = {isa = PBXFileReference; lastKnownFileType = sourcecode.swift; path = MealTypeCell.swift; sourceTree = "<group>"; };
		5433285821B9AD3200965443 /* MealTypeCell.xib */ = {isa = PBXFileReference; lastKnownFileType = file.xib; path = MealTypeCell.xib; sourceTree = "<group>"; };
		5433285B21B9AD4E00965443 /* Cells.swift */ = {isa = PBXFileReference; lastKnownFileType = sourcecode.swift; path = Cells.swift; sourceTree = "<group>"; };
		5433285D21B9AFA200965443 /* StoryboardIds.swift */ = {isa = PBXFileReference; lastKnownFileType = sourcecode.swift; path = StoryboardIds.swift; sourceTree = "<group>"; };
		5433285F21B9B19100965443 /* Router.swift */ = {isa = PBXFileReference; lastKnownFileType = sourcecode.swift; path = Router.swift; sourceTree = "<group>"; };
		5433286121B9B8F800965443 /* UIViewController+RegisterNibs.swift */ = {isa = PBXFileReference; lastKnownFileType = sourcecode.swift; path = "UIViewController+RegisterNibs.swift"; sourceTree = "<group>"; };
		5433286421B9C77400965443 /* ConatinerView.swift */ = {isa = PBXFileReference; lastKnownFileType = sourcecode.swift; path = ConatinerView.swift; sourceTree = "<group>"; };
		5438943621A49C5E005435C4 /* SheldonOrders.app */ = {isa = PBXFileReference; explicitFileType = wrapper.application; includeInIndex = 0; path = SheldonOrders.app; sourceTree = BUILT_PRODUCTS_DIR; };
		5438943921A49C5E005435C4 /* AppDelegate.swift */ = {isa = PBXFileReference; lastKnownFileType = sourcecode.swift; path = AppDelegate.swift; sourceTree = "<group>"; };
		5438943E21A49C5E005435C4 /* Base */ = {isa = PBXFileReference; lastKnownFileType = file.storyboard; name = Base; path = Base.lproj/Main.storyboard; sourceTree = "<group>"; };
		5438944021A49C5F005435C4 /* Assets.xcassets */ = {isa = PBXFileReference; lastKnownFileType = folder.assetcatalog; path = Assets.xcassets; sourceTree = "<group>"; };
		5438944321A49C5F005435C4 /* Base */ = {isa = PBXFileReference; lastKnownFileType = file.storyboard; name = Base; path = Base.lproj/LaunchScreen.storyboard; sourceTree = "<group>"; };
		5438944521A49C5F005435C4 /* Info.plist */ = {isa = PBXFileReference; lastKnownFileType = text.plist.xml; path = Info.plist; sourceTree = "<group>"; };
/* End PBXFileReference section */

/* Begin PBXFrameworksBuildPhase section */
		5438943321A49C5E005435C4 /* Frameworks */ = {
			isa = PBXFrameworksBuildPhase;
			buildActionMask = 2147483647;
			files = (
			);
			runOnlyForDeploymentPostprocessing = 0;
		};
/* End PBXFrameworksBuildPhase section */

/* Begin PBXGroup section */
		540E012C21B867880033F220 /* Login */ = {
			isa = PBXGroup;
			children = (
				540E013221B86C230033F220 /* LoginViewController.swift */,
			);
			path = Login;
			sourceTree = "<group>";
		};
		540E012D21B867900033F220 /* Utilities */ = {
			isa = PBXGroup;
			children = (
				540E012E21B867A50033F220 /* Colors.swift */,
				540E013021B867CE0033F220 /* Fonts.swift */,
				540E013C21B86F250033F220 /* Shadows.swift */,
				5433285B21B9AD4E00965443 /* Cells.swift */,
				5433285D21B9AFA200965443 /* StoryboardIds.swift */,
				5433285F21B9B19100965443 /* Router.swift */,
			);
			path = Utilities;
			sourceTree = "<group>";
		};
		540E013421B86CCE0033F220 /* Components */ = {
			isa = PBXGroup;
			children = (
				5433286321B9C75F00965443 /* Views */,
				5433285621B9AD0600965443 /* Cells */,
				540E013521B86D240033F220 /* Buttons */,
			);
			path = Components;
			sourceTree = "<group>";
		};
		540E013521B86D240033F220 /* Buttons */ = {
			isa = PBXGroup;
			children = (
				540E013A21B86DEA0033F220 /* LoginButton.swift */,
			);
			path = Buttons;
			sourceTree = "<group>";
		};
		540E013E21B87C2B0033F220 /* Extensions */ = {
			isa = PBXGroup;
			children = (
				540E013F21B87C390033F220 /* UIView+CornersWithShadow.swift */,
				5433286121B9B8F800965443 /* UIViewController+RegisterNibs.swift */,
			);
			path = Extensions;
			sourceTree = "<group>";
		};
		5433285321B9ACCF00965443 /* MealTypes */ = {
			isa = PBXGroup;
			children = (
				5433285421B9ACEA00965443 /* MealTypesViewController.swift */,
			);
			path = MealTypes;
			sourceTree = "<group>";
		};
		5433285621B9AD0600965443 /* Cells */ = {
			isa = PBXGroup;
			children = (
				5433285721B9AD3200965443 /* MealTypeCell.swift */,
				5433285821B9AD3200965443 /* MealTypeCell.xib */,
			);
			path = Cells;
			sourceTree = "<group>";
		};
		5433286321B9C75F00965443 /* Views */ = {
			isa = PBXGroup;
			children = (
				5433286421B9C77400965443 /* ConatinerView.swift */,
			);
			path = Views;
			sourceTree = "<group>";
		};
		5438942D21A49C5D005435C4 = {
			isa = PBXGroup;
			children = (
				5438943821A49C5E005435C4 /* SheldonOrders */,
				5438943721A49C5E005435C4 /* Products */,
			);
			sourceTree = "<group>";
		};
		5438943721A49C5E005435C4 /* Products */ = {
			isa = PBXGroup;
			children = (
				5438943621A49C5E005435C4 /* SheldonOrders.app */,
			);
			name = Products;
			sourceTree = "<group>";
		};
		5438943821A49C5E005435C4 /* SheldonOrders */ = {
			isa = PBXGroup;
			children = (
				540E013E21B87C2B0033F220 /* Extensions */,
				540E013421B86CCE0033F220 /* Components */,
				540E012D21B867900033F220 /* Utilities */,
				5433285321B9ACCF00965443 /* MealTypes */,
				540E012C21B867880033F220 /* Login */,
				5438943921A49C5E005435C4 /* AppDelegate.swift */,
				5438943D21A49C5E005435C4 /* Main.storyboard */,
				5438944021A49C5F005435C4 /* Assets.xcassets */,
				5438944221A49C5F005435C4 /* LaunchScreen.storyboard */,
				5438944521A49C5F005435C4 /* Info.plist */,
			);
			path = SheldonOrders;
			sourceTree = "<group>";
		};
/* End PBXGroup section */

/* Begin PBXNativeTarget section */
		5438943521A49C5E005435C4 /* SheldonOrders */ = {
			isa = PBXNativeTarget;
			buildConfigurationList = 5438944821A49C5F005435C4 /* Build configuration list for PBXNativeTarget "SheldonOrders" */;
			buildPhases = (
				5438943221A49C5E005435C4 /* Sources */,
				5438943321A49C5E005435C4 /* Frameworks */,
				5438943421A49C5E005435C4 /* Resources */,
			);
			buildRules = (
			);
			dependencies = (
			);
			name = SheldonOrders;
			productName = SheldonOrders;
			productReference = 5438943621A49C5E005435C4 /* SheldonOrders.app */;
			productType = "com.apple.product-type.application";
		};
/* End PBXNativeTarget section */

/* Begin PBXProject section */
		5438942E21A49C5D005435C4 /* Project object */ = {
			isa = PBXProject;
			attributes = {
				LastSwiftUpdateCheck = 1010;
				LastUpgradeCheck = 1010;
				ORGANIZATIONNAME = "Zsolt Pete";
				TargetAttributes = {
					5438943521A49C5E005435C4 = {
						CreatedOnToolsVersion = 10.1;
					};
				};
			};
			buildConfigurationList = 5438943121A49C5D005435C4 /* Build configuration list for PBXProject "SheldonOrders" */;
			compatibilityVersion = "Xcode 9.3";
			developmentRegion = en;
			hasScannedForEncodings = 0;
			knownRegions = (
				en,
				Base,
			);
			mainGroup = 5438942D21A49C5D005435C4;
			productRefGroup = 5438943721A49C5E005435C4 /* Products */;
			projectDirPath = "";
			projectRoot = "";
			targets = (
				5438943521A49C5E005435C4 /* SheldonOrders */,
			);
		};
/* End PBXProject section */

/* Begin PBXResourcesBuildPhase section */
		5438943421A49C5E005435C4 /* Resources */ = {
			isa = PBXResourcesBuildPhase;
			buildActionMask = 2147483647;
			files = (
				5438944421A49C5F005435C4 /* LaunchScreen.storyboard in Resources */,
				5438944121A49C5F005435C4 /* Assets.xcassets in Resources */,
				5433285A21B9AD3200965443 /* MealTypeCell.xib in Resources */,
				5438943F21A49C5E005435C4 /* Main.storyboard in Resources */,
			);
			runOnlyForDeploymentPostprocessing = 0;
		};
/* End PBXResourcesBuildPhase section */

/* Begin PBXSourcesBuildPhase section */
		5438943221A49C5E005435C4 /* Sources */ = {
			isa = PBXSourcesBuildPhase;
			buildActionMask = 2147483647;
			files = (
				540E013B21B86DEA0033F220 /* LoginButton.swift in Sources */,
				540E013D21B86F250033F220 /* Shadows.swift in Sources */,
				540E013321B86C230033F220 /* LoginViewController.swift in Sources */,
				5433285521B9ACEA00965443 /* MealTypesViewController.swift in Sources */,
				5433286021B9B19100965443 /* Router.swift in Sources */,
				5438943A21A49C5E005435C4 /* AppDelegate.swift in Sources */,
				5433286521B9C77400965443 /* ConatinerView.swift in Sources */,
				5433285921B9AD3200965443 /* MealTypeCell.swift in Sources */,
				540E013121B867CE0033F220 /* Fonts.swift in Sources */,
				5433285E21B9AFA200965443 /* StoryboardIds.swift in Sources */,
				540E014021B87C390033F220 /* UIView+CornersWithShadow.swift in Sources */,
				540E012F21B867A50033F220 /* Colors.swift in Sources */,
				5433286221B9B8F800965443 /* UIViewController+RegisterNibs.swift in Sources */,
				5433285C21B9AD4E00965443 /* Cells.swift in Sources */,
			);
			runOnlyForDeploymentPostprocessing = 0;
		};
/* End PBXSourcesBuildPhase section */

/* Begin PBXVariantGroup section */
		5438943D21A49C5E005435C4 /* Main.storyboard */ = {
			isa = PBXVariantGroup;
			children = (
				5438943E21A49C5E005435C4 /* Base */,
			);
			name = Main.storyboard;
			sourceTree = "<group>";
		};
		5438944221A49C5F005435C4 /* LaunchScreen.storyboard */ = {
			isa = PBXVariantGroup;
			children = (
				5438944321A49C5F005435C4 /* Base */,
			);
			name = LaunchScreen.storyboard;
			sourceTree = "<group>";
		};
/* End PBXVariantGroup section */

/* Begin XCBuildConfiguration section */
		5438944621A49C5F005435C4 /* Debug */ = {
			isa = XCBuildConfiguration;
			buildSettings = {
				ALWAYS_SEARCH_USER_PATHS = NO;
				CLANG_ANALYZER_NONNULL = YES;
				CLANG_ANALYZER_NUMBER_OBJECT_CONVERSION = YES_AGGRESSIVE;
				CLANG_CXX_LANGUAGE_STANDARD = "gnu++14";
				CLANG_CXX_LIBRARY = "libc++";
				CLANG_ENABLE_MODULES = YES;
				CLANG_ENABLE_OBJC_ARC = YES;
				CLANG_ENABLE_OBJC_WEAK = YES;
				CLANG_WARN_BLOCK_CAPTURE_AUTORELEASING = YES;
				CLANG_WARN_BOOL_CONVERSION = YES;
				CLANG_WARN_COMMA = YES;
				CLANG_WARN_CONSTANT_CONVERSION = YES;
				CLANG_WARN_DEPRECATED_OBJC_IMPLEMENTATIONS = YES;
				CLANG_WARN_DIRECT_OBJC_ISA_USAGE = YES_ERROR;
				CLANG_WARN_DOCUMENTATION_COMMENTS = YES;
				CLANG_WARN_EMPTY_BODY = YES;
				CLANG_WARN_ENUM_CONVERSION = YES;
				CLANG_WARN_INFINITE_RECURSION = YES;
				CLANG_WARN_INT_CONVERSION = YES;
				CLANG_WARN_NON_LITERAL_NULL_CONVERSION = YES;
				CLANG_WARN_OBJC_IMPLICIT_RETAIN_SELF = YES;
				CLANG_WARN_OBJC_LITERAL_CONVERSION = YES;
				CLANG_WARN_OBJC_ROOT_CLASS = YES_ERROR;
				CLANG_WARN_RANGE_LOOP_ANALYSIS = YES;
				CLANG_WARN_STRICT_PROTOTYPES = YES;
				CLANG_WARN_SUSPICIOUS_MOVE = YES;
				CLANG_WARN_UNGUARDED_AVAILABILITY = YES_AGGRESSIVE;
				CLANG_WARN_UNREACHABLE_CODE = YES;
				CLANG_WARN__DUPLICATE_METHOD_MATCH = YES;
				CODE_SIGN_IDENTITY = "iPhone Developer";
				COPY_PHASE_STRIP = NO;
				DEBUG_INFORMATION_FORMAT = dwarf;
				ENABLE_STRICT_OBJC_MSGSEND = YES;
				ENABLE_TESTABILITY = YES;
				GCC_C_LANGUAGE_STANDARD = gnu11;
				GCC_DYNAMIC_NO_PIC = NO;
				GCC_NO_COMMON_BLOCKS = YES;
				GCC_OPTIMIZATION_LEVEL = 0;
				GCC_PREPROCESSOR_DEFINITIONS = (
					"DEBUG=1",
					"$(inherited)",
				);
				GCC_WARN_64_TO_32_BIT_CONVERSION = YES;
				GCC_WARN_ABOUT_RETURN_TYPE = YES_ERROR;
				GCC_WARN_UNDECLARED_SELECTOR = YES;
				GCC_WARN_UNINITIALIZED_AUTOS = YES_AGGRESSIVE;
				GCC_WARN_UNUSED_FUNCTION = YES;
				GCC_WARN_UNUSED_VARIABLE = YES;
				IPHONEOS_DEPLOYMENT_TARGET = 12.1;
				MTL_ENABLE_DEBUG_INFO = INCLUDE_SOURCE;
				MTL_FAST_MATH = YES;
				ONLY_ACTIVE_ARCH = YES;
				SDKROOT = iphoneos;
				SWIFT_ACTIVE_COMPILATION_CONDITIONS = DEBUG;
				SWIFT_OPTIMIZATION_LEVEL = "-Onone";
			};
			name = Debug;
		};
		5438944721A49C5F005435C4 /* Release */ = {
			isa = XCBuildConfiguration;
			buildSettings = {
				ALWAYS_SEARCH_USER_PATHS = NO;
				CLANG_ANALYZER_NONNULL = YES;
				CLANG_ANALYZER_NUMBER_OBJECT_CONVERSION = YES_AGGRESSIVE;
				CLANG_CXX_LANGUAGE_STANDARD = "gnu++14";
				CLANG_CXX_LIBRARY = "libc++";
				CLANG_ENABLE_MODULES = YES;
				CLANG_ENABLE_OBJC_ARC = YES;
				CLANG_ENABLE_OBJC_WEAK = YES;
				CLANG_WARN_BLOCK_CAPTURE_AUTORELEASING = YES;
				CLANG_WARN_BOOL_CONVERSION = YES;
				CLANG_WARN_COMMA = YES;
				CLANG_WARN_CONSTANT_CONVERSION = YES;
				CLANG_WARN_DEPRECATED_OBJC_IMPLEMENTATIONS = YES;
				CLANG_WARN_DIRECT_OBJC_ISA_USAGE = YES_ERROR;
				CLANG_WARN_DOCUMENTATION_COMMENTS = YES;
				CLANG_WARN_EMPTY_BODY = YES;
				CLANG_WARN_ENUM_CONVERSION = YES;
				CLANG_WARN_INFINITE_RECURSION = YES;
				CLANG_WARN_INT_CONVERSION = YES;
				CLANG_WARN_NON_LITERAL_NULL_CONVERSION = YES;
				CLANG_WARN_OBJC_IMPLICIT_RETAIN_SELF = YES;
				CLANG_WARN_OBJC_LITERAL_CONVERSION = YES;
				CLANG_WARN_OBJC_ROOT_CLASS = YES_ERROR;
				CLANG_WARN_RANGE_LOOP_ANALYSIS = YES;
				CLANG_WARN_STRICT_PROTOTYPES = YES;
				CLANG_WARN_SUSPICIOUS_MOVE = YES;
				CLANG_WARN_UNGUARDED_AVAILABILITY = YES_AGGRESSIVE;
				CLANG_WARN_UNREACHABLE_CODE = YES;
				CLANG_WARN__DUPLICATE_METHOD_MATCH = YES;
				CODE_SIGN_IDENTITY = "iPhone Developer";
				COPY_PHASE_STRIP = NO;
				DEBUG_INFORMATION_FORMAT = "dwarf-with-dsym";
				ENABLE_NS_ASSERTIONS = NO;
				ENABLE_STRICT_OBJC_MSGSEND = YES;
				GCC_C_LANGUAGE_STANDARD = gnu11;
				GCC_NO_COMMON_BLOCKS = YES;
				GCC_WARN_64_TO_32_BIT_CONVERSION = YES;
				GCC_WARN_ABOUT_RETURN_TYPE = YES_ERROR;
				GCC_WARN_UNDECLARED_SELECTOR = YES;
				GCC_WARN_UNINITIALIZED_AUTOS = YES_AGGRESSIVE;
				GCC_WARN_UNUSED_FUNCTION = YES;
				GCC_WARN_UNUSED_VARIABLE = YES;
				IPHONEOS_DEPLOYMENT_TARGET = 12.1;
				MTL_ENABLE_DEBUG_INFO = NO;
				MTL_FAST_MATH = YES;
				SDKROOT = iphoneos;
				SWIFT_COMPILATION_MODE = wholemodule;
				SWIFT_OPTIMIZATION_LEVEL = "-O";
				VALIDATE_PRODUCT = YES;
			};
			name = Release;
		};
		5438944921A49C5F005435C4 /* Debug */ = {
			isa = XCBuildConfiguration;
			buildSettings = {
				ASSETCATALOG_COMPILER_APPICON_NAME = AppIcon;
				CODE_SIGN_STYLE = Automatic;
				DEVELOPMENT_TEAM = AFEL4SQNP4;
				INFOPLIST_FILE = SheldonOrders/Info.plist;
				IPHONEOS_DEPLOYMENT_TARGET = 11.0;
				LD_RUNPATH_SEARCH_PATHS = (
					"$(inherited)",
					"@executable_path/Frameworks",
				);
				PRODUCT_BUNDLE_IDENTIFIER = eu.codeyard.SheldonOrders;
				PRODUCT_NAME = "$(TARGET_NAME)";
				SWIFT_VERSION = 4.2;
				TARGETED_DEVICE_FAMILY = "1,2";
			};
			name = Debug;
		};
		5438944A21A49C5F005435C4 /* Release */ = {
			isa = XCBuildConfiguration;
			buildSettings = {
				ASSETCATALOG_COMPILER_APPICON_NAME = AppIcon;
				CODE_SIGN_STYLE = Automatic;
				DEVELOPMENT_TEAM = AFEL4SQNP4;
				INFOPLIST_FILE = SheldonOrders/Info.plist;
				IPHONEOS_DEPLOYMENT_TARGET = 11.0;
				LD_RUNPATH_SEARCH_PATHS = (
					"$(inherited)",
					"@executable_path/Frameworks",
				);
				PRODUCT_BUNDLE_IDENTIFIER = eu.codeyard.SheldonOrders;
				PRODUCT_NAME = "$(TARGET_NAME)";
				SWIFT_VERSION = 4.2;
				TARGETED_DEVICE_FAMILY = "1,2";
			};
			name = Release;
		};
/* End XCBuildConfiguration section */

/* Begin XCConfigurationList section */
		5438943121A49C5D005435C4 /* Build configuration list for PBXProject "SheldonOrders" */ = {
			isa = XCConfigurationList;
			buildConfigurations = (
				5438944621A49C5F005435C4 /* Debug */,
				5438944721A49C5F005435C4 /* Release */,
			);
			defaultConfigurationIsVisible = 0;
			defaultConfigurationName = Release;
		};
		5438944821A49C5F005435C4 /* Build configuration list for PBXNativeTarget "SheldonOrders" */ = {
			isa = XCConfigurationList;
			buildConfigurations = (
				5438944921A49C5F005435C4 /* Debug */,
				5438944A21A49C5F005435C4 /* Release */,
			);
			defaultConfigurationIsVisible = 0;
			defaultConfigurationName = Release;
		};
/* End XCConfigurationList section */
	};
	rootObject = 5438942E21A49C5D005435C4 /* Project object */;
}
