// !$*UTF8*$!
{
	archiveVersion = 1;
	classes = {
	};
	objectVersion = 50;
	objects = {

/* Begin PBXBuildFile section */
		47B664EEFD5F708AEDD04054 /* Pods_OrderMealIntents.framework in Frameworks */ = {isa = PBXBuildFile; fileRef = 89C61844050A75E1357EA930 /* Pods_OrderMealIntents.framework */; };
		540E012F21B867A50033F220 /* Colors.swift in Sources */ = {isa = PBXBuildFile; fileRef = 540E012E21B867A50033F220 /* Colors.swift */; };
		540E013121B867CE0033F220 /* Fonts.swift in Sources */ = {isa = PBXBuildFile; fileRef = 540E013021B867CE0033F220 /* Fonts.swift */; };
		540E013321B86C230033F220 /* LoginViewController.swift in Sources */ = {isa = PBXBuildFile; fileRef = 540E013221B86C230033F220 /* LoginViewController.swift */; };
		540E013B21B86DEA0033F220 /* LoginButton.swift in Sources */ = {isa = PBXBuildFile; fileRef = 540E013A21B86DEA0033F220 /* LoginButton.swift */; };
		540E013D21B86F250033F220 /* Shadows.swift in Sources */ = {isa = PBXBuildFile; fileRef = 540E013C21B86F250033F220 /* Shadows.swift */; };
		540E014021B87C390033F220 /* UIView+CornersWithShadow.swift in Sources */ = {isa = PBXBuildFile; fileRef = 540E013F21B87C390033F220 /* UIView+CornersWithShadow.swift */; };
		5433285521B9ACEA00965443 /* MealTypesViewController.swift in Sources */ = {isa = PBXBuildFile; fileRef = 5433285421B9ACEA00965443 /* MealTypesViewController.swift */; };
		5433285921B9AD3200965443 /* MealTypeCell.swift in Sources */ = {isa = PBXBuildFile; fileRef = 5433285721B9AD3200965443 /* MealTypeCell.swift */; };
		5433285A21B9AD3200965443 /* MealTypeCell.xib in Resources */ = {isa = PBXBuildFile; fileRef = 5433285821B9AD3200965443 /* MealTypeCell.xib */; };
		5433285C21B9AD4E00965443 /* Cells.swift in Sources */ = {isa = PBXBuildFile; fileRef = 5433285B21B9AD4E00965443 /* Cells.swift */; };
		5433285E21B9AFA200965443 /* StoryboardIds.swift in Sources */ = {isa = PBXBuildFile; fileRef = 5433285D21B9AFA200965443 /* StoryboardIds.swift */; };
		5433286021B9B19100965443 /* Router.swift in Sources */ = {isa = PBXBuildFile; fileRef = 5433285F21B9B19100965443 /* Router.swift */; };
		5433286221B9B8F800965443 /* UIViewController+RegisterNibs.swift in Sources */ = {isa = PBXBuildFile; fileRef = 5433286121B9B8F800965443 /* UIViewController+RegisterNibs.swift */; };
		5433286521B9C77400965443 /* ConatinerView.swift in Sources */ = {isa = PBXBuildFile; fileRef = 5433286421B9C77400965443 /* ConatinerView.swift */; };
		5433286921B9D7A800965443 /* MealType.swift in Sources */ = {isa = PBXBuildFile; fileRef = 5433286821B9D7A800965443 /* MealType.swift */; };
		5433286E21B9D8EE00965443 /* MealTypeMocker.swift in Sources */ = {isa = PBXBuildFile; fileRef = 5433286D21B9D8EE00965443 /* MealTypeMocker.swift */; };
		5438943A21A49C5E005435C4 /* AppDelegate.swift in Sources */ = {isa = PBXBuildFile; fileRef = 5438943921A49C5E005435C4 /* AppDelegate.swift */; };
		5438943F21A49C5E005435C4 /* Main.storyboard in Resources */ = {isa = PBXBuildFile; fileRef = 5438943D21A49C5E005435C4 /* Main.storyboard */; };
		5438944121A49C5F005435C4 /* Assets.xcassets in Resources */ = {isa = PBXBuildFile; fileRef = 5438944021A49C5F005435C4 /* Assets.xcassets */; };
		5438944421A49C5F005435C4 /* LaunchScreen.storyboard in Resources */ = {isa = PBXBuildFile; fileRef = 5438944221A49C5F005435C4 /* LaunchScreen.storyboard */; };
		549A289621D2A54800D3FA58 /* MealTypeHelper.swift in Sources */ = {isa = PBXBuildFile; fileRef = 549A289521D2A54800D3FA58 /* MealTypeHelper.swift */; };
		549A289721D2A5F400D3FA58 /* MealTypeHelper.swift in Sources */ = {isa = PBXBuildFile; fileRef = 549A289521D2A54800D3FA58 /* MealTypeHelper.swift */; };
		549A289821D2A5F400D3FA58 /* MealTypeHelper.swift in Sources */ = {isa = PBXBuildFile; fileRef = 549A289521D2A54800D3FA58 /* MealTypeHelper.swift */; };
		549A289B21D2E44300D3FA58 /* OrderMealIntentUICell.swift in Sources */ = {isa = PBXBuildFile; fileRef = 549A289921D2E44300D3FA58 /* OrderMealIntentUICell.swift */; };
		549A289C21D2E44300D3FA58 /* OrderMealIntentUICell.swift in Sources */ = {isa = PBXBuildFile; fileRef = 549A289921D2E44300D3FA58 /* OrderMealIntentUICell.swift */; };
		549A289D21D2E44300D3FA58 /* OrderMealIntentUICell.swift in Sources */ = {isa = PBXBuildFile; fileRef = 549A289921D2E44300D3FA58 /* OrderMealIntentUICell.swift */; };
		549A289E21D2E44300D3FA58 /* OrderMealIntentUICell.xib in Resources */ = {isa = PBXBuildFile; fileRef = 549A289A21D2E44300D3FA58 /* OrderMealIntentUICell.xib */; };
		549A289F21D2E44300D3FA58 /* OrderMealIntentUICell.xib in Resources */ = {isa = PBXBuildFile; fileRef = 549A289A21D2E44300D3FA58 /* OrderMealIntentUICell.xib */; };
		549A28A021D2E44300D3FA58 /* OrderMealIntentUICell.xib in Resources */ = {isa = PBXBuildFile; fileRef = 549A289A21D2E44300D3FA58 /* OrderMealIntentUICell.xib */; };
		549A28A121D2E5CE00D3FA58 /* Cells.swift in Sources */ = {isa = PBXBuildFile; fileRef = 5433285B21B9AD4E00965443 /* Cells.swift */; };
		549A28A221D2E74000D3FA58 /* IntentManager.swift in Sources */ = {isa = PBXBuildFile; fileRef = 54F046A521D03901007FC758 /* IntentManager.swift */; };
		549A28A321D2E9A800D3FA58 /* UIViewController+RegisterNibs.swift in Sources */ = {isa = PBXBuildFile; fileRef = 5433286121B9B8F800965443 /* UIViewController+RegisterNibs.swift */; };
		54F0469821CFFF07007FC758 /* SelectTypeCell.swift in Sources */ = {isa = PBXBuildFile; fileRef = 54F0469621CFFF07007FC758 /* SelectTypeCell.swift */; };
		54F0469921CFFF07007FC758 /* SelectTypeCell.xib in Resources */ = {isa = PBXBuildFile; fileRef = 54F0469721CFFF07007FC758 /* SelectTypeCell.xib */; };
		54F0469B21D0121C007FC758 /* TypeSelectionMocker.swift in Sources */ = {isa = PBXBuildFile; fileRef = 54F0469A21D0121C007FC758 /* TypeSelectionMocker.swift */; };
		54F0469D21D0123F007FC758 /* Meal.swift in Sources */ = {isa = PBXBuildFile; fileRef = 54F0469C21D0123F007FC758 /* Meal.swift */; };
		54F0469F21D01974007FC758 /* MealSelectionViewController.swift in Sources */ = {isa = PBXBuildFile; fileRef = 54F0469E21D01974007FC758 /* MealSelectionViewController.swift */; };
		54F046A221D02AE6007FC758 /* OrderManager.swift in Sources */ = {isa = PBXBuildFile; fileRef = 54F046A121D02AE6007FC758 /* OrderManager.swift */; };
		54F046A421D0354D007FC758 /* Intents.intentdefinition in Sources */ = {isa = PBXBuildFile; fileRef = 54F046A321D0354D007FC758 /* Intents.intentdefinition */; };
		54F046A621D03901007FC758 /* IntentManager.swift in Sources */ = {isa = PBXBuildFile; fileRef = 54F046A521D03901007FC758 /* IntentManager.swift */; };
		54F046AE21D04146007FC758 /* IntentHandler.swift in Sources */ = {isa = PBXBuildFile; fileRef = 54F046AD21D04146007FC758 /* IntentHandler.swift */; };
		54F046B621D04147007FC758 /* IntentsUI.framework in Frameworks */ = {isa = PBXBuildFile; fileRef = 54F046B521D04147007FC758 /* IntentsUI.framework */; };
		54F046B921D04147007FC758 /* IntentViewController.swift in Sources */ = {isa = PBXBuildFile; fileRef = 54F046B821D04147007FC758 /* IntentViewController.swift */; };
		54F046BC21D04147007FC758 /* MainInterface.storyboard in Resources */ = {isa = PBXBuildFile; fileRef = 54F046BA21D04147007FC758 /* MainInterface.storyboard */; };
		54F046C021D04147007FC758 /* OrderMealIntentsUI.appex in Embed App Extensions */ = {isa = PBXBuildFile; fileRef = 54F046B421D04147007FC758 /* OrderMealIntentsUI.appex */; settings = {ATTRIBUTES = (RemoveHeadersOnCopy, ); }; };
		54F046C321D04147007FC758 /* OrderMealIntents.appex in Embed App Extensions */ = {isa = PBXBuildFile; fileRef = 54F046AB21D04146007FC758 /* OrderMealIntents.appex */; settings = {ATTRIBUTES = (RemoveHeadersOnCopy, ); }; };
		54F046CB21D04193007FC758 /* Intents.intentdefinition in Sources */ = {isa = PBXBuildFile; fileRef = 54F046A321D0354D007FC758 /* Intents.intentdefinition */; };
		54F046CC21D04193007FC758 /* Intents.intentdefinition in Sources */ = {isa = PBXBuildFile; fileRef = 54F046A321D0354D007FC758 /* Intents.intentdefinition */; };
		54F046CD21D120D2007FC758 /* OrderManager.swift in Sources */ = {isa = PBXBuildFile; fileRef = 54F046A121D02AE6007FC758 /* OrderManager.swift */; };
		54F046CE21D121CC007FC758 /* Meal.swift in Sources */ = {isa = PBXBuildFile; fileRef = 54F0469C21D0123F007FC758 /* Meal.swift */; };
		54F046CF21D121D8007FC758 /* IntentManager.swift in Sources */ = {isa = PBXBuildFile; fileRef = 54F046A521D03901007FC758 /* IntentManager.swift */; };
		54F046D021D1233A007FC758 /* SelectTypeCell.swift in Sources */ = {isa = PBXBuildFile; fileRef = 54F0469621CFFF07007FC758 /* SelectTypeCell.swift */; };
		54F046D121D12340007FC758 /* MealType.swift in Sources */ = {isa = PBXBuildFile; fileRef = 5433286821B9D7A800965443 /* MealType.swift */; };
		54F046D221D12348007FC758 /* MealTypeCell.swift in Sources */ = {isa = PBXBuildFile; fileRef = 5433285721B9AD3200965443 /* MealTypeCell.swift */; };
		54F046D321D12351007FC758 /* Colors.swift in Sources */ = {isa = PBXBuildFile; fileRef = 540E012E21B867A50033F220 /* Colors.swift */; };
		54F046D521D12359007FC758 /* UIView+CornersWithShadow.swift in Sources */ = {isa = PBXBuildFile; fileRef = 540E013F21B87C390033F220 /* UIView+CornersWithShadow.swift */; };
		54F046D621D12366007FC758 /* Fonts.swift in Sources */ = {isa = PBXBuildFile; fileRef = 540E013021B867CE0033F220 /* Fonts.swift */; };
		54F046D721D1236C007FC758 /* ConatinerView.swift in Sources */ = {isa = PBXBuildFile; fileRef = 5433286421B9C77400965443 /* ConatinerView.swift */; };
		54F046D821D12374007FC758 /* Shadows.swift in Sources */ = {isa = PBXBuildFile; fileRef = 540E013C21B86F250033F220 /* Shadows.swift */; };
		54F046DD21D12525007FC758 /* HistoryViewController.swift in Sources */ = {isa = PBXBuildFile; fileRef = 54F046DC21D12525007FC758 /* HistoryViewController.swift */; };
		54F046E021D1254C007FC758 /* HistoryCell.swift in Sources */ = {isa = PBXBuildFile; fileRef = 54F046DE21D1254C007FC758 /* HistoryCell.swift */; };
		54F046E121D1254C007FC758 /* HistoryCell.xib in Resources */ = {isa = PBXBuildFile; fileRef = 54F046DF21D1254C007FC758 /* HistoryCell.xib */; };
		54F046E221D127E5007FC758 /* HistoryCell.swift in Sources */ = {isa = PBXBuildFile; fileRef = 54F046DE21D1254C007FC758 /* HistoryCell.swift */; };
		54F046E421D25341007FC758 /* InvoiceView.swift in Sources */ = {isa = PBXBuildFile; fileRef = 54F046E321D25341007FC758 /* InvoiceView.swift */; };
		54F046E521D2554C007FC758 /* Meal.swift in Sources */ = {isa = PBXBuildFile; fileRef = 54F0469C21D0123F007FC758 /* Meal.swift */; };
		54F046E621D2576D007FC758 /* Assets.xcassets in Resources */ = {isa = PBXBuildFile; fileRef = 5438944021A49C5F005435C4 /* Assets.xcassets */; };
		54F046E721D2578F007FC758 /* SelectTypeCell.swift in Sources */ = {isa = PBXBuildFile; fileRef = 54F0469621CFFF07007FC758 /* SelectTypeCell.swift */; };
		54F046E821D25796007FC758 /* MealType.swift in Sources */ = {isa = PBXBuildFile; fileRef = 5433286821B9D7A800965443 /* MealType.swift */; };
		54F046E921D257A4007FC758 /* HistoryCell.swift in Sources */ = {isa = PBXBuildFile; fileRef = 54F046DE21D1254C007FC758 /* HistoryCell.swift */; };
		54F046EA21D257AF007FC758 /* Colors.swift in Sources */ = {isa = PBXBuildFile; fileRef = 540E012E21B867A50033F220 /* Colors.swift */; };
		54F046EB21D257B8007FC758 /* Fonts.swift in Sources */ = {isa = PBXBuildFile; fileRef = 540E013021B867CE0033F220 /* Fonts.swift */; };
		54F046EC21D257BC007FC758 /* Shadows.swift in Sources */ = {isa = PBXBuildFile; fileRef = 540E013C21B86F250033F220 /* Shadows.swift */; };
		54F046ED21D257CA007FC758 /* ConatinerView.swift in Sources */ = {isa = PBXBuildFile; fileRef = 5433286421B9C77400965443 /* ConatinerView.swift */; };
		54F046EE21D257D2007FC758 /* MealTypeCell.swift in Sources */ = {isa = PBXBuildFile; fileRef = 5433285721B9AD3200965443 /* MealTypeCell.swift */; };
		54F046EF21D257D6007FC758 /* UIView+CornersWithShadow.swift in Sources */ = {isa = PBXBuildFile; fileRef = 540E013F21B87C390033F220 /* UIView+CornersWithShadow.swift */; };
		54F046F121D25DF5007FC758 /* ConfirmView.swift in Sources */ = {isa = PBXBuildFile; fileRef = 54F046F021D25DF5007FC758 /* ConfirmView.swift */; };
		54F046F621D26F26007FC758 /* Localizable.strings in Resources */ = {isa = PBXBuildFile; fileRef = 54F046FA21D26F26007FC758 /* Localizable.strings */; };
		54F046F721D26F26007FC758 /* Localizable.strings in Resources */ = {isa = PBXBuildFile; fileRef = 54F046FA21D26F26007FC758 /* Localizable.strings */; };
		54F046F821D26F26007FC758 /* Localizable.strings in Resources */ = {isa = PBXBuildFile; fileRef = 54F046FA21D26F26007FC758 /* Localizable.strings */; };
		744F26A8B9B211D331C047BF /* Pods_SheldonOrders.framework in Frameworks */ = {isa = PBXBuildFile; fileRef = 11C3B8B4A1DF9A83D4912C54 /* Pods_SheldonOrders.framework */; };
		9087F06751FD0149BC804F5E /* Pods_OrderMealIntentsUI.framework in Frameworks */ = {isa = PBXBuildFile; fileRef = 8B078E8BF62F1AA9315C30A9 /* Pods_OrderMealIntentsUI.framework */; };
/* End PBXBuildFile section */

/* Begin PBXContainerItemProxy section */
		54F046BE21D04147007FC758 /* PBXContainerItemProxy */ = {
			isa = PBXContainerItemProxy;
			containerPortal = 5438942E21A49C5D005435C4 /* Project object */;
			proxyType = 1;
			remoteGlobalIDString = 54F046B321D04147007FC758;
			remoteInfo = OrderMealIntentsUI;
		};
		54F046C121D04147007FC758 /* PBXContainerItemProxy */ = {
			isa = PBXContainerItemProxy;
			containerPortal = 5438942E21A49C5D005435C4 /* Project object */;
			proxyType = 1;
			remoteGlobalIDString = 54F046AA21D04146007FC758;
			remoteInfo = OrderMealIntents;
		};
/* End PBXContainerItemProxy section */

/* Begin PBXCopyFilesBuildPhase section */
		54F046CA21D04147007FC758 /* Embed App Extensions */ = {
			isa = PBXCopyFilesBuildPhase;
			buildActionMask = 2147483647;
			dstPath = "";
			dstSubfolderSpec = 13;
			files = (
				54F046C321D04147007FC758 /* OrderMealIntents.appex in Embed App Extensions */,
				54F046C021D04147007FC758 /* OrderMealIntentsUI.appex in Embed App Extensions */,
			);
			name = "Embed App Extensions";
			runOnlyForDeploymentPostprocessing = 0;
		};
/* End PBXCopyFilesBuildPhase section */

/* Begin PBXFileReference section */
		11C3B8B4A1DF9A83D4912C54 /* Pods_SheldonOrders.framework */ = {isa = PBXFileReference; explicitFileType = wrapper.framework; includeInIndex = 0; path = Pods_SheldonOrders.framework; sourceTree = BUILT_PRODUCTS_DIR; };
		203995BA0A3A8908D2EC8373 /* Pods-SheldonOrders.debug.xcconfig */ = {isa = PBXFileReference; includeInIndex = 1; lastKnownFileType = text.xcconfig; name = "Pods-SheldonOrders.debug.xcconfig"; path = "Pods/Target Support Files/Pods-SheldonOrders/Pods-SheldonOrders.debug.xcconfig"; sourceTree = "<group>"; };
		4CF54C7976D2C75FC7938DAD /* Pods-OrderMealIntents.debug.xcconfig */ = {isa = PBXFileReference; includeInIndex = 1; lastKnownFileType = text.xcconfig; name = "Pods-OrderMealIntents.debug.xcconfig"; path = "Pods/Target Support Files/Pods-OrderMealIntents/Pods-OrderMealIntents.debug.xcconfig"; sourceTree = "<group>"; };
		540E012E21B867A50033F220 /* Colors.swift */ = {isa = PBXFileReference; lastKnownFileType = sourcecode.swift; path = Colors.swift; sourceTree = "<group>"; };
		540E013021B867CE0033F220 /* Fonts.swift */ = {isa = PBXFileReference; lastKnownFileType = sourcecode.swift; path = Fonts.swift; sourceTree = "<group>"; };
		540E013221B86C230033F220 /* LoginViewController.swift */ = {isa = PBXFileReference; lastKnownFileType = sourcecode.swift; path = LoginViewController.swift; sourceTree = "<group>"; };
		540E013A21B86DEA0033F220 /* LoginButton.swift */ = {isa = PBXFileReference; lastKnownFileType = sourcecode.swift; path = LoginButton.swift; sourceTree = "<group>"; };
		540E013C21B86F250033F220 /* Shadows.swift */ = {isa = PBXFileReference; lastKnownFileType = sourcecode.swift; path = Shadows.swift; sourceTree = "<group>"; };
		540E013F21B87C390033F220 /* UIView+CornersWithShadow.swift */ = {isa = PBXFileReference; lastKnownFileType = sourcecode.swift; path = "UIView+CornersWithShadow.swift"; sourceTree = "<group>"; };
		5433285421B9ACEA00965443 /* MealTypesViewController.swift */ = {isa = PBXFileReference; lastKnownFileType = sourcecode.swift; path = MealTypesViewController.swift; sourceTree = "<group>"; };
		5433285721B9AD3200965443 /* MealTypeCell.swift */ = {isa = PBXFileReference; lastKnownFileType = sourcecode.swift; path = MealTypeCell.swift; sourceTree = "<group>"; };
		5433285821B9AD3200965443 /* MealTypeCell.xib */ = {isa = PBXFileReference; lastKnownFileType = file.xib; path = MealTypeCell.xib; sourceTree = "<group>"; };
		5433285B21B9AD4E00965443 /* Cells.swift */ = {isa = PBXFileReference; lastKnownFileType = sourcecode.swift; path = Cells.swift; sourceTree = "<group>"; };
		5433285D21B9AFA200965443 /* StoryboardIds.swift */ = {isa = PBXFileReference; lastKnownFileType = sourcecode.swift; path = StoryboardIds.swift; sourceTree = "<group>"; };
		5433285F21B9B19100965443 /* Router.swift */ = {isa = PBXFileReference; lastKnownFileType = sourcecode.swift; path = Router.swift; sourceTree = "<group>"; };
		5433286121B9B8F800965443 /* UIViewController+RegisterNibs.swift */ = {isa = PBXFileReference; lastKnownFileType = sourcecode.swift; path = "UIViewController+RegisterNibs.swift"; sourceTree = "<group>"; };
		5433286421B9C77400965443 /* ConatinerView.swift */ = {isa = PBXFileReference; lastKnownFileType = sourcecode.swift; path = ConatinerView.swift; sourceTree = "<group>"; };
		5433286821B9D7A800965443 /* MealType.swift */ = {isa = PBXFileReference; lastKnownFileType = sourcecode.swift; path = MealType.swift; sourceTree = "<group>"; };
		5433286D21B9D8EE00965443 /* MealTypeMocker.swift */ = {isa = PBXFileReference; lastKnownFileType = sourcecode.swift; path = MealTypeMocker.swift; sourceTree = "<group>"; };
		5438943621A49C5E005435C4 /* SheldonOrders.app */ = {isa = PBXFileReference; explicitFileType = wrapper.application; includeInIndex = 0; path = SheldonOrders.app; sourceTree = BUILT_PRODUCTS_DIR; };
		5438943921A49C5E005435C4 /* AppDelegate.swift */ = {isa = PBXFileReference; lastKnownFileType = sourcecode.swift; path = AppDelegate.swift; sourceTree = "<group>"; };
		5438943E21A49C5E005435C4 /* Base */ = {isa = PBXFileReference; lastKnownFileType = file.storyboard; name = Base; path = Base.lproj/Main.storyboard; sourceTree = "<group>"; };
		5438944021A49C5F005435C4 /* Assets.xcassets */ = {isa = PBXFileReference; lastKnownFileType = folder.assetcatalog; path = Assets.xcassets; sourceTree = "<group>"; };
		5438944321A49C5F005435C4 /* Base */ = {isa = PBXFileReference; lastKnownFileType = file.storyboard; name = Base; path = Base.lproj/LaunchScreen.storyboard; sourceTree = "<group>"; };
		5438944521A49C5F005435C4 /* Info.plist */ = {isa = PBXFileReference; lastKnownFileType = text.plist.xml; path = Info.plist; sourceTree = "<group>"; };
		549A289521D2A54800D3FA58 /* MealTypeHelper.swift */ = {isa = PBXFileReference; lastKnownFileType = sourcecode.swift; path = MealTypeHelper.swift; sourceTree = "<group>"; };
		549A289921D2E44300D3FA58 /* OrderMealIntentUICell.swift */ = {isa = PBXFileReference; lastKnownFileType = sourcecode.swift; path = OrderMealIntentUICell.swift; sourceTree = "<group>"; };
		549A289A21D2E44300D3FA58 /* OrderMealIntentUICell.xib */ = {isa = PBXFileReference; lastKnownFileType = file.xib; path = OrderMealIntentUICell.xib; sourceTree = "<group>"; };
		54F0469621CFFF07007FC758 /* SelectTypeCell.swift */ = {isa = PBXFileReference; lastKnownFileType = sourcecode.swift; path = SelectTypeCell.swift; sourceTree = "<group>"; };
		54F0469721CFFF07007FC758 /* SelectTypeCell.xib */ = {isa = PBXFileReference; lastKnownFileType = file.xib; path = SelectTypeCell.xib; sourceTree = "<group>"; };
		54F0469A21D0121C007FC758 /* TypeSelectionMocker.swift */ = {isa = PBXFileReference; lastKnownFileType = sourcecode.swift; path = TypeSelectionMocker.swift; sourceTree = "<group>"; };
		54F0469C21D0123F007FC758 /* Meal.swift */ = {isa = PBXFileReference; lastKnownFileType = sourcecode.swift; path = Meal.swift; sourceTree = "<group>"; };
		54F0469E21D01974007FC758 /* MealSelectionViewController.swift */ = {isa = PBXFileReference; fileEncoding = 4; lastKnownFileType = sourcecode.swift; path = MealSelectionViewController.swift; sourceTree = "<group>"; };
		54F046A121D02AE6007FC758 /* OrderManager.swift */ = {isa = PBXFileReference; lastKnownFileType = sourcecode.swift; path = OrderManager.swift; sourceTree = "<group>"; };
		54F046A321D0354D007FC758 /* Intents.intentdefinition */ = {isa = PBXFileReference; lastKnownFileType = file.intentdefinition; path = Intents.intentdefinition; sourceTree = "<group>"; };
		54F046A521D03901007FC758 /* IntentManager.swift */ = {isa = PBXFileReference; lastKnownFileType = sourcecode.swift; path = IntentManager.swift; sourceTree = "<group>"; };
		54F046AB21D04146007FC758 /* OrderMealIntents.appex */ = {isa = PBXFileReference; explicitFileType = "wrapper.app-extension"; includeInIndex = 0; path = OrderMealIntents.appex; sourceTree = BUILT_PRODUCTS_DIR; };
		54F046AD21D04146007FC758 /* IntentHandler.swift */ = {isa = PBXFileReference; lastKnownFileType = sourcecode.swift; path = IntentHandler.swift; sourceTree = "<group>"; };
		54F046AF21D04146007FC758 /* Info.plist */ = {isa = PBXFileReference; lastKnownFileType = text.plist.xml; path = Info.plist; sourceTree = "<group>"; };
		54F046B421D04147007FC758 /* OrderMealIntentsUI.appex */ = {isa = PBXFileReference; explicitFileType = "wrapper.app-extension"; includeInIndex = 0; path = OrderMealIntentsUI.appex; sourceTree = BUILT_PRODUCTS_DIR; };
		54F046B521D04147007FC758 /* IntentsUI.framework */ = {isa = PBXFileReference; lastKnownFileType = wrapper.framework; name = IntentsUI.framework; path = System/Library/Frameworks/IntentsUI.framework; sourceTree = SDKROOT; };
		54F046B821D04147007FC758 /* IntentViewController.swift */ = {isa = PBXFileReference; lastKnownFileType = sourcecode.swift; path = IntentViewController.swift; sourceTree = "<group>"; };
		54F046BB21D04147007FC758 /* Base */ = {isa = PBXFileReference; lastKnownFileType = file.storyboard; name = Base; path = Base.lproj/MainInterface.storyboard; sourceTree = "<group>"; };
		54F046BD21D04147007FC758 /* Info.plist */ = {isa = PBXFileReference; lastKnownFileType = text.plist.xml; path = Info.plist; sourceTree = "<group>"; };
		54F046D921D12406007FC758 /* OrderMealIntents.entitlements */ = {isa = PBXFileReference; lastKnownFileType = text.plist.entitlements; path = OrderMealIntents.entitlements; sourceTree = "<group>"; };
		54F046DA21D1242E007FC758 /* SheldonOrders.entitlements */ = {isa = PBXFileReference; lastKnownFileType = text.plist.entitlements; path = SheldonOrders.entitlements; sourceTree = "<group>"; };
		54F046DC21D12525007FC758 /* HistoryViewController.swift */ = {isa = PBXFileReference; lastKnownFileType = sourcecode.swift; path = HistoryViewController.swift; sourceTree = "<group>"; };
		54F046DE21D1254C007FC758 /* HistoryCell.swift */ = {isa = PBXFileReference; lastKnownFileType = sourcecode.swift; path = HistoryCell.swift; sourceTree = "<group>"; };
		54F046DF21D1254C007FC758 /* HistoryCell.xib */ = {isa = PBXFileReference; lastKnownFileType = file.xib; path = HistoryCell.xib; sourceTree = "<group>"; };
		54F046E321D25341007FC758 /* InvoiceView.swift */ = {isa = PBXFileReference; lastKnownFileType = sourcecode.swift; path = InvoiceView.swift; sourceTree = "<group>"; };
		54F046F021D25DF5007FC758 /* ConfirmView.swift */ = {isa = PBXFileReference; lastKnownFileType = sourcecode.swift; path = ConfirmView.swift; sourceTree = "<group>"; };
		54F046F921D26F26007FC758 /* en */ = {isa = PBXFileReference; lastKnownFileType = text.plist.strings; name = en; path = en.lproj/Localizable.strings; sourceTree = "<group>"; };
		54F046FB21D26F3A007FC758 /* hu */ = {isa = PBXFileReference; lastKnownFileType = text.plist.strings; name = hu; path = hu.lproj/Localizable.strings; sourceTree = "<group>"; };
		89A07229651F75E8F28B1396 /* Pods-OrderMealIntentsUI.release.xcconfig */ = {isa = PBXFileReference; includeInIndex = 1; lastKnownFileType = text.xcconfig; name = "Pods-OrderMealIntentsUI.release.xcconfig"; path = "Pods/Target Support Files/Pods-OrderMealIntentsUI/Pods-OrderMealIntentsUI.release.xcconfig"; sourceTree = "<group>"; };
		89C61844050A75E1357EA930 /* Pods_OrderMealIntents.framework */ = {isa = PBXFileReference; explicitFileType = wrapper.framework; includeInIndex = 0; path = Pods_OrderMealIntents.framework; sourceTree = BUILT_PRODUCTS_DIR; };
		8B078E8BF62F1AA9315C30A9 /* Pods_OrderMealIntentsUI.framework */ = {isa = PBXFileReference; explicitFileType = wrapper.framework; includeInIndex = 0; path = Pods_OrderMealIntentsUI.framework; sourceTree = BUILT_PRODUCTS_DIR; };
		BB7244B8D2C2A73EBED748E2 /* Pods-OrderMealIntents.release.xcconfig */ = {isa = PBXFileReference; includeInIndex = 1; lastKnownFileType = text.xcconfig; name = "Pods-OrderMealIntents.release.xcconfig"; path = "Pods/Target Support Files/Pods-OrderMealIntents/Pods-OrderMealIntents.release.xcconfig"; sourceTree = "<group>"; };
		C9C7041A50A0F3ED467495C6 /* Pods-SheldonOrders.release.xcconfig */ = {isa = PBXFileReference; includeInIndex = 1; lastKnownFileType = text.xcconfig; name = "Pods-SheldonOrders.release.xcconfig"; path = "Pods/Target Support Files/Pods-SheldonOrders/Pods-SheldonOrders.release.xcconfig"; sourceTree = "<group>"; };
		DE37FBA86AFB77AED32FBC61 /* Pods-OrderMealIntentsUI.debug.xcconfig */ = {isa = PBXFileReference; includeInIndex = 1; lastKnownFileType = text.xcconfig; name = "Pods-OrderMealIntentsUI.debug.xcconfig"; path = "Pods/Target Support Files/Pods-OrderMealIntentsUI/Pods-OrderMealIntentsUI.debug.xcconfig"; sourceTree = "<group>"; };
/* End PBXFileReference section */

/* Begin PBXFrameworksBuildPhase section */
		5438943321A49C5E005435C4 /* Frameworks */ = {
			isa = PBXFrameworksBuildPhase;
			buildActionMask = 2147483647;
			files = (
				744F26A8B9B211D331C047BF /* Pods_SheldonOrders.framework in Frameworks */,
			);
			runOnlyForDeploymentPostprocessing = 0;
		};
		54F046A821D04146007FC758 /* Frameworks */ = {
			isa = PBXFrameworksBuildPhase;
			buildActionMask = 2147483647;
			files = (
				47B664EEFD5F708AEDD04054 /* Pods_OrderMealIntents.framework in Frameworks */,
			);
			runOnlyForDeploymentPostprocessing = 0;
		};
		54F046B121D04147007FC758 /* Frameworks */ = {
			isa = PBXFrameworksBuildPhase;
			buildActionMask = 2147483647;
			files = (
				54F046B621D04147007FC758 /* IntentsUI.framework in Frameworks */,
				9087F06751FD0149BC804F5E /* Pods_OrderMealIntentsUI.framework in Frameworks */,
			);
			runOnlyForDeploymentPostprocessing = 0;
		};
/* End PBXFrameworksBuildPhase section */

/* Begin PBXGroup section */
		07995C1663FCAB6B972A79F7 /* Pods */ = {
			isa = PBXGroup;
			children = (
				203995BA0A3A8908D2EC8373 /* Pods-SheldonOrders.debug.xcconfig */,
				C9C7041A50A0F3ED467495C6 /* Pods-SheldonOrders.release.xcconfig */,
				DE37FBA86AFB77AED32FBC61 /* Pods-OrderMealIntentsUI.debug.xcconfig */,
				89A07229651F75E8F28B1396 /* Pods-OrderMealIntentsUI.release.xcconfig */,
				4CF54C7976D2C75FC7938DAD /* Pods-OrderMealIntents.debug.xcconfig */,
				BB7244B8D2C2A73EBED748E2 /* Pods-OrderMealIntents.release.xcconfig */,
			);
			name = Pods;
			sourceTree = "<group>";
		};
		540E012C21B867880033F220 /* Login */ = {
			isa = PBXGroup;
			children = (
				540E013221B86C230033F220 /* LoginViewController.swift */,
			);
			path = Login;
			sourceTree = "<group>";
		};
		540E012D21B867900033F220 /* Utilities */ = {
			isa = PBXGroup;
			children = (
				549A289421D2A52C00D3FA58 /* Helpers */,
				54F046A021D02AD4007FC758 /* Managers */,
				5433286C21B9D8DA00965443 /* Mockers */,
				5433286B21B9D8CB00965443 /* Network */,
				5433286A21B9D8BB00965443 /* Constants */,
			);
			path = Utilities;
			sourceTree = "<group>";
		};
		540E013421B86CCE0033F220 /* Components */ = {
			isa = PBXGroup;
			children = (
				5433286321B9C75F00965443 /* Views */,
				5433285621B9AD0600965443 /* Cells */,
				540E013521B86D240033F220 /* Buttons */,
			);
			path = Components;
			sourceTree = "<group>";
		};
		540E013521B86D240033F220 /* Buttons */ = {
			isa = PBXGroup;
			children = (
				540E013A21B86DEA0033F220 /* LoginButton.swift */,
			);
			path = Buttons;
			sourceTree = "<group>";
		};
		540E013E21B87C2B0033F220 /* Extensions */ = {
			isa = PBXGroup;
			children = (
				540E013F21B87C390033F220 /* UIView+CornersWithShadow.swift */,
				5433286121B9B8F800965443 /* UIViewController+RegisterNibs.swift */,
			);
			path = Extensions;
			sourceTree = "<group>";
		};
		5433285321B9ACCF00965443 /* MealTypes */ = {
			isa = PBXGroup;
			children = (
				5433285421B9ACEA00965443 /* MealTypesViewController.swift */,
			);
			path = MealTypes;
			sourceTree = "<group>";
		};
		5433285621B9AD0600965443 /* Cells */ = {
			isa = PBXGroup;
			children = (
				5433285721B9AD3200965443 /* MealTypeCell.swift */,
				5433285821B9AD3200965443 /* MealTypeCell.xib */,
				54F0469621CFFF07007FC758 /* SelectTypeCell.swift */,
				54F0469721CFFF07007FC758 /* SelectTypeCell.xib */,
				54F046DE21D1254C007FC758 /* HistoryCell.swift */,
				54F046DF21D1254C007FC758 /* HistoryCell.xib */,
			);
			path = Cells;
			sourceTree = "<group>";
		};
		5433286321B9C75F00965443 /* Views */ = {
			isa = PBXGroup;
			children = (
				5433286421B9C77400965443 /* ConatinerView.swift */,
			);
			path = Views;
			sourceTree = "<group>";
		};
		5433286621B9D73600965443 /* Models */ = {
			isa = PBXGroup;
			children = (
				5433286821B9D7A800965443 /* MealType.swift */,
				54F0469C21D0123F007FC758 /* Meal.swift */,
			);
			path = Models;
			sourceTree = "<group>";
		};
		5433286A21B9D8BB00965443 /* Constants */ = {
			isa = PBXGroup;
			children = (
				540E012E21B867A50033F220 /* Colors.swift */,
				540E013021B867CE0033F220 /* Fonts.swift */,
				540E013C21B86F250033F220 /* Shadows.swift */,
				5433285B21B9AD4E00965443 /* Cells.swift */,
				5433285D21B9AFA200965443 /* StoryboardIds.swift */,
			);
			path = Constants;
			sourceTree = "<group>";
		};
		5433286B21B9D8CB00965443 /* Network */ = {
			isa = PBXGroup;
			children = (
				5433285F21B9B19100965443 /* Router.swift */,
			);
			path = Network;
			sourceTree = "<group>";
		};
		5433286C21B9D8DA00965443 /* Mockers */ = {
			isa = PBXGroup;
			children = (
				5433286D21B9D8EE00965443 /* MealTypeMocker.swift */,
				54F0469A21D0121C007FC758 /* TypeSelectionMocker.swift */,
			);
			path = Mockers;
			sourceTree = "<group>";
		};
		5438942D21A49C5D005435C4 = {
			isa = PBXGroup;
			children = (
				5438943821A49C5E005435C4 /* SheldonOrders */,
				54F046AC21D04146007FC758 /* OrderMealIntents */,
				54F046B721D04147007FC758 /* OrderMealIntentsUI */,
				5438943721A49C5E005435C4 /* Products */,
				07995C1663FCAB6B972A79F7 /* Pods */,
				81C46AEEAC907071BB55C2A5 /* Frameworks */,
			);
			sourceTree = "<group>";
		};
		5438943721A49C5E005435C4 /* Products */ = {
			isa = PBXGroup;
			children = (
				5438943621A49C5E005435C4 /* SheldonOrders.app */,
				54F046AB21D04146007FC758 /* OrderMealIntents.appex */,
				54F046B421D04147007FC758 /* OrderMealIntentsUI.appex */,
			);
			name = Products;
			sourceTree = "<group>";
		};
		5438943821A49C5E005435C4 /* SheldonOrders */ = {
			isa = PBXGroup;
			children = (
				5433286621B9D73600965443 /* Models */,
				540E013E21B87C2B0033F220 /* Extensions */,
				540E013421B86CCE0033F220 /* Components */,
				540E012D21B867900033F220 /* Utilities */,
				54F046DB21D124C6007FC758 /* History */,
				54F0469321CFFEA2007FC758 /* MealSelection */,
				5433285321B9ACCF00965443 /* MealTypes */,
				540E012C21B867880033F220 /* Login */,
				5438943921A49C5E005435C4 /* AppDelegate.swift */,
				5438943D21A49C5E005435C4 /* Main.storyboard */,
				5438944021A49C5F005435C4 /* Assets.xcassets */,
				5438944221A49C5F005435C4 /* LaunchScreen.storyboard */,
				5438944521A49C5F005435C4 /* Info.plist */,
				54F046A321D0354D007FC758 /* Intents.intentdefinition */,
				54F046DA21D1242E007FC758 /* SheldonOrders.entitlements */,
				54F046FA21D26F26007FC758 /* Localizable.strings */,
			);
			path = SheldonOrders;
			sourceTree = "<group>";
		};
		549A289421D2A52C00D3FA58 /* Helpers */ = {
			isa = PBXGroup;
			children = (
				549A289521D2A54800D3FA58 /* MealTypeHelper.swift */,
			);
			path = Helpers;
			sourceTree = "<group>";
		};
		54F0469321CFFEA2007FC758 /* MealSelection */ = {
			isa = PBXGroup;
			children = (
				54F0469E21D01974007FC758 /* MealSelectionViewController.swift */,
			);
			path = MealSelection;
			sourceTree = "<group>";
		};
		54F046A021D02AD4007FC758 /* Managers */ = {
			isa = PBXGroup;
			children = (
				54F046A121D02AE6007FC758 /* OrderManager.swift */,
				54F046A521D03901007FC758 /* IntentManager.swift */,
			);
			path = Managers;
			sourceTree = "<group>";
		};
		54F046AC21D04146007FC758 /* OrderMealIntents */ = {
			isa = PBXGroup;
			children = (
				54F046D921D12406007FC758 /* OrderMealIntents.entitlements */,
				54F046AD21D04146007FC758 /* IntentHandler.swift */,
				54F046AF21D04146007FC758 /* Info.plist */,
			);
			path = OrderMealIntents;
			sourceTree = "<group>";
		};
		54F046B721D04147007FC758 /* OrderMealIntentsUI */ = {
			isa = PBXGroup;
			children = (
				54F046B821D04147007FC758 /* IntentViewController.swift */,
				54F046BA21D04147007FC758 /* MainInterface.storyboard */,
				54F046BD21D04147007FC758 /* Info.plist */,
				54F046E321D25341007FC758 /* InvoiceView.swift */,
				54F046F021D25DF5007FC758 /* ConfirmView.swift */,
				549A289921D2E44300D3FA58 /* OrderMealIntentUICell.swift */,
				549A289A21D2E44300D3FA58 /* OrderMealIntentUICell.xib */,
			);
			path = OrderMealIntentsUI;
			sourceTree = "<group>";
		};
		54F046DB21D124C6007FC758 /* History */ = {
			isa = PBXGroup;
			children = (
				54F046DC21D12525007FC758 /* HistoryViewController.swift */,
			);
			path = History;
			sourceTree = "<group>";
		};
		81C46AEEAC907071BB55C2A5 /* Frameworks */ = {
			isa = PBXGroup;
			children = (
				11C3B8B4A1DF9A83D4912C54 /* Pods_SheldonOrders.framework */,
				54F046B521D04147007FC758 /* IntentsUI.framework */,
				8B078E8BF62F1AA9315C30A9 /* Pods_OrderMealIntentsUI.framework */,
				89C61844050A75E1357EA930 /* Pods_OrderMealIntents.framework */,
			);
			name = Frameworks;
			sourceTree = "<group>";
		};
/* End PBXGroup section */

/* Begin PBXNativeTarget section */
		5438943521A49C5E005435C4 /* SheldonOrders */ = {
			isa = PBXNativeTarget;
			buildConfigurationList = 5438944821A49C5F005435C4 /* Build configuration list for PBXNativeTarget "SheldonOrders" */;
			buildPhases = (
				3EB3B1C18F6D458760C6817F /* [CP] Check Pods Manifest.lock */,
				5438943221A49C5E005435C4 /* Sources */,
				5438943321A49C5E005435C4 /* Frameworks */,
				5438943421A49C5E005435C4 /* Resources */,
				726FFC3016BF891BE1CD9535 /* [CP] Embed Pods Frameworks */,
				54F046CA21D04147007FC758 /* Embed App Extensions */,
			);
			buildRules = (
			);
			dependencies = (
				54F046BF21D04147007FC758 /* PBXTargetDependency */,
				54F046C221D04147007FC758 /* PBXTargetDependency */,
			);
			name = SheldonOrders;
			productName = SheldonOrders;
			productReference = 5438943621A49C5E005435C4 /* SheldonOrders.app */;
			productType = "com.apple.product-type.application";
		};
		54F046AA21D04146007FC758 /* OrderMealIntents */ = {
			isa = PBXNativeTarget;
			buildConfigurationList = 54F046C721D04147007FC758 /* Build configuration list for PBXNativeTarget "OrderMealIntents" */;
			buildPhases = (
				403BC481A1B39E92841DDE27 /* [CP] Check Pods Manifest.lock */,
				54F046A721D04146007FC758 /* Sources */,
				54F046A821D04146007FC758 /* Frameworks */,
				54F046A921D04146007FC758 /* Resources */,
			);
			buildRules = (
			);
			dependencies = (
			);
			name = OrderMealIntents;
			productName = OrderMealIntents;
			productReference = 54F046AB21D04146007FC758 /* OrderMealIntents.appex */;
			productType = "com.apple.product-type.app-extension";
		};
		54F046B321D04147007FC758 /* OrderMealIntentsUI */ = {
			isa = PBXNativeTarget;
			buildConfigurationList = 54F046C421D04147007FC758 /* Build configuration list for PBXNativeTarget "OrderMealIntentsUI" */;
			buildPhases = (
				AC566C4E4F577B2544BEBDE9 /* [CP] Check Pods Manifest.lock */,
				54F046B021D04147007FC758 /* Sources */,
				54F046B121D04147007FC758 /* Frameworks */,
				54F046B221D04147007FC758 /* Resources */,
			);
			buildRules = (
			);
			dependencies = (
			);
			name = OrderMealIntentsUI;
			productName = OrderMealIntentsUI;
			productReference = 54F046B421D04147007FC758 /* OrderMealIntentsUI.appex */;
			productType = "com.apple.product-type.app-extension";
		};
/* End PBXNativeTarget section */

/* Begin PBXProject section */
		5438942E21A49C5D005435C4 /* Project object */ = {
			isa = PBXProject;
			attributes = {
				LastSwiftUpdateCheck = 1010;
				LastUpgradeCheck = 1010;
				ORGANIZATIONNAME = "Zsolt Pete";
				TargetAttributes = {
					5438943521A49C5E005435C4 = {
						CreatedOnToolsVersion = 10.1;
						SystemCapabilities = {
							com.apple.ApplicationGroups.iOS = {
								enabled = 1;
							};
						};
					};
					54F046AA21D04146007FC758 = {
						CreatedOnToolsVersion = 10.1;
						SystemCapabilities = {
							com.apple.ApplicationGroups.iOS = {
								enabled = 1;
							};
						};
					};
					54F046B321D04147007FC758 = {
						CreatedOnToolsVersion = 10.1;
					};
				};
			};
			buildConfigurationList = 5438943121A49C5D005435C4 /* Build configuration list for PBXProject "SheldonOrders" */;
			compatibilityVersion = "Xcode 9.3";
			developmentRegion = en;
			hasScannedForEncodings = 0;
			knownRegions = (
				en,
				Base,
				hu,
			);
			mainGroup = 5438942D21A49C5D005435C4;
			productRefGroup = 5438943721A49C5E005435C4 /* Products */;
			projectDirPath = "";
			projectRoot = "";
			targets = (
				5438943521A49C5E005435C4 /* SheldonOrders */,
				54F046AA21D04146007FC758 /* OrderMealIntents */,
				54F046B321D04147007FC758 /* OrderMealIntentsUI */,
			);
		};
/* End PBXProject section */

/* Begin PBXResourcesBuildPhase section */
		5438943421A49C5E005435C4 /* Resources */ = {
			isa = PBXResourcesBuildPhase;
			buildActionMask = 2147483647;
			files = (
				5438944421A49C5F005435C4 /* LaunchScreen.storyboard in Resources */,
				5438944121A49C5F005435C4 /* Assets.xcassets in Resources */,
				5433285A21B9AD3200965443 /* MealTypeCell.xib in Resources */,
				54F046F621D26F26007FC758 /* Localizable.strings in Resources */,
				5438943F21A49C5E005435C4 /* Main.storyboard in Resources */,
				549A289E21D2E44300D3FA58 /* OrderMealIntentUICell.xib in Resources */,
				54F046E121D1254C007FC758 /* HistoryCell.xib in Resources */,
				54F0469921CFFF07007FC758 /* SelectTypeCell.xib in Resources */,
			);
			runOnlyForDeploymentPostprocessing = 0;
		};
		54F046A921D04146007FC758 /* Resources */ = {
			isa = PBXResourcesBuildPhase;
			buildActionMask = 2147483647;
			files = (
				54F046F721D26F26007FC758 /* Localizable.strings in Resources */,
				549A289F21D2E44300D3FA58 /* OrderMealIntentUICell.xib in Resources */,
			);
			runOnlyForDeploymentPostprocessing = 0;
		};
		54F046B221D04147007FC758 /* Resources */ = {
			isa = PBXResourcesBuildPhase;
			buildActionMask = 2147483647;
			files = (
				54F046E621D2576D007FC758 /* Assets.xcassets in Resources */,
				549A28A021D2E44300D3FA58 /* OrderMealIntentUICell.xib in Resources */,
				54F046F821D26F26007FC758 /* Localizable.strings in Resources */,
				54F046BC21D04147007FC758 /* MainInterface.storyboard in Resources */,
			);
			runOnlyForDeploymentPostprocessing = 0;
		};
/* End PBXResourcesBuildPhase section */

/* Begin PBXShellScriptBuildPhase section */
		3EB3B1C18F6D458760C6817F /* [CP] Check Pods Manifest.lock */ = {
			isa = PBXShellScriptBuildPhase;
			buildActionMask = 2147483647;
			files = (
			);
			inputFileListPaths = (
			);
			inputPaths = (
				"${PODS_PODFILE_DIR_PATH}/Podfile.lock",
				"${PODS_ROOT}/Manifest.lock",
			);
			name = "[CP] Check Pods Manifest.lock";
			outputFileListPaths = (
			);
			outputPaths = (
				"$(DERIVED_FILE_DIR)/Pods-SheldonOrders-checkManifestLockResult.txt",
			);
			runOnlyForDeploymentPostprocessing = 0;
			shellPath = /bin/sh;
			shellScript = "diff \"${PODS_PODFILE_DIR_PATH}/Podfile.lock\" \"${PODS_ROOT}/Manifest.lock\" > /dev/null\nif [ $? != 0 ] ; then\n    # print error to STDERR\n    echo \"error: The sandbox is not in sync with the Podfile.lock. Run 'pod install' or update your CocoaPods installation.\" >&2\n    exit 1\nfi\n# This output is used by Xcode 'outputs' to avoid re-running this script phase.\necho \"SUCCESS\" > \"${SCRIPT_OUTPUT_FILE_0}\"\n";
			showEnvVarsInLog = 0;
		};
		403BC481A1B39E92841DDE27 /* [CP] Check Pods Manifest.lock */ = {
			isa = PBXShellScriptBuildPhase;
			buildActionMask = 2147483647;
			files = (
			);
			inputFileListPaths = (
			);
			inputPaths = (
				"${PODS_PODFILE_DIR_PATH}/Podfile.lock",
				"${PODS_ROOT}/Manifest.lock",
			);
			name = "[CP] Check Pods Manifest.lock";
			outputFileListPaths = (
			);
			outputPaths = (
				"$(DERIVED_FILE_DIR)/Pods-OrderMealIntents-checkManifestLockResult.txt",
			);
			runOnlyForDeploymentPostprocessing = 0;
			shellPath = /bin/sh;
			shellScript = "diff \"${PODS_PODFILE_DIR_PATH}/Podfile.lock\" \"${PODS_ROOT}/Manifest.lock\" > /dev/null\nif [ $? != 0 ] ; then\n    # print error to STDERR\n    echo \"error: The sandbox is not in sync with the Podfile.lock. Run 'pod install' or update your CocoaPods installation.\" >&2\n    exit 1\nfi\n# This output is used by Xcode 'outputs' to avoid re-running this script phase.\necho \"SUCCESS\" > \"${SCRIPT_OUTPUT_FILE_0}\"\n";
			showEnvVarsInLog = 0;
		};
		726FFC3016BF891BE1CD9535 /* [CP] Embed Pods Frameworks */ = {
			isa = PBXShellScriptBuildPhase;
			buildActionMask = 2147483647;
			files = (
			);
			inputFileListPaths = (
			);
			inputPaths = (
				"${SRCROOT}/Pods/Target Support Files/Pods-SheldonOrders/Pods-SheldonOrders-frameworks.sh",
				"${BUILT_PRODUCTS_DIR}/CYLocalization/CYLocalization.framework",
				"${BUILT_PRODUCTS_DIR}/PixelPerfectSwift/PixelPerfectSwift.framework",
			);
			name = "[CP] Embed Pods Frameworks";
			outputFileListPaths = (
			);
			outputPaths = (
				"${TARGET_BUILD_DIR}/${FRAMEWORKS_FOLDER_PATH}/CYLocalization.framework",
				"${TARGET_BUILD_DIR}/${FRAMEWORKS_FOLDER_PATH}/PixelPerfectSwift.framework",
			);
			runOnlyForDeploymentPostprocessing = 0;
			shellPath = /bin/sh;
			shellScript = "\"${SRCROOT}/Pods/Target Support Files/Pods-SheldonOrders/Pods-SheldonOrders-frameworks.sh\"\n";
			showEnvVarsInLog = 0;
		};
		AC566C4E4F577B2544BEBDE9 /* [CP] Check Pods Manifest.lock */ = {
			isa = PBXShellScriptBuildPhase;
			buildActionMask = 2147483647;
			files = (
			);
			inputFileListPaths = (
			);
			inputPaths = (
				"${PODS_PODFILE_DIR_PATH}/Podfile.lock",
				"${PODS_ROOT}/Manifest.lock",
			);
			name = "[CP] Check Pods Manifest.lock";
			outputFileListPaths = (
			);
			outputPaths = (
				"$(DERIVED_FILE_DIR)/Pods-OrderMealIntentsUI-checkManifestLockResult.txt",
			);
			runOnlyForDeploymentPostprocessing = 0;
			shellPath = /bin/sh;
			shellScript = "diff \"${PODS_PODFILE_DIR_PATH}/Podfile.lock\" \"${PODS_ROOT}/Manifest.lock\" > /dev/null\nif [ $? != 0 ] ; then\n    # print error to STDERR\n    echo \"error: The sandbox is not in sync with the Podfile.lock. Run 'pod install' or update your CocoaPods installation.\" >&2\n    exit 1\nfi\n# This output is used by Xcode 'outputs' to avoid re-running this script phase.\necho \"SUCCESS\" > \"${SCRIPT_OUTPUT_FILE_0}\"\n";
			showEnvVarsInLog = 0;
		};
/* End PBXShellScriptBuildPhase section */

/* Begin PBXSourcesBuildPhase section */
		5438943221A49C5E005435C4 /* Sources */ = {
			isa = PBXSourcesBuildPhase;
			buildActionMask = 2147483647;
			files = (
				549A289621D2A54800D3FA58 /* MealTypeHelper.swift in Sources */,
				54F0469D21D0123F007FC758 /* Meal.swift in Sources */,
				540E013B21B86DEA0033F220 /* LoginButton.swift in Sources */,
				5433286E21B9D8EE00965443 /* MealTypeMocker.swift in Sources */,
				540E013D21B86F250033F220 /* Shadows.swift in Sources */,
				54F046A621D03901007FC758 /* IntentManager.swift in Sources */,
				540E013321B86C230033F220 /* LoginViewController.swift in Sources */,
				5433285521B9ACEA00965443 /* MealTypesViewController.swift in Sources */,
				5433286921B9D7A800965443 /* MealType.swift in Sources */,
				54F0469821CFFF07007FC758 /* SelectTypeCell.swift in Sources */,
				549A289B21D2E44300D3FA58 /* OrderMealIntentUICell.swift in Sources */,
				5433286021B9B19100965443 /* Router.swift in Sources */,
				5438943A21A49C5E005435C4 /* AppDelegate.swift in Sources */,
				5433286521B9C77400965443 /* ConatinerView.swift in Sources */,
				54F0469B21D0121C007FC758 /* TypeSelectionMocker.swift in Sources */,
				54F0469F21D01974007FC758 /* MealSelectionViewController.swift in Sources */,
				5433285921B9AD3200965443 /* MealTypeCell.swift in Sources */,
				54F046DD21D12525007FC758 /* HistoryViewController.swift in Sources */,
				54F046A421D0354D007FC758 /* Intents.intentdefinition in Sources */,
				540E013121B867CE0033F220 /* Fonts.swift in Sources */,
				5433285E21B9AFA200965443 /* StoryboardIds.swift in Sources */,
				54F046E021D1254C007FC758 /* HistoryCell.swift in Sources */,
				540E014021B87C390033F220 /* UIView+CornersWithShadow.swift in Sources */,
				540E012F21B867A50033F220 /* Colors.swift in Sources */,
				54F046A221D02AE6007FC758 /* OrderManager.swift in Sources */,
				5433286221B9B8F800965443 /* UIViewController+RegisterNibs.swift in Sources */,
				5433285C21B9AD4E00965443 /* Cells.swift in Sources */,
			);
			runOnlyForDeploymentPostprocessing = 0;
		};
		54F046A721D04146007FC758 /* Sources */ = {
			isa = PBXSourcesBuildPhase;
			buildActionMask = 2147483647;
			files = (
				54F046CE21D121CC007FC758 /* Meal.swift in Sources */,
				549A289C21D2E44300D3FA58 /* OrderMealIntentUICell.swift in Sources */,
				54F046D521D12359007FC758 /* UIView+CornersWithShadow.swift in Sources */,
				54F046D321D12351007FC758 /* Colors.swift in Sources */,
				54F046D121D12340007FC758 /* MealType.swift in Sources */,
				54F046D721D1236C007FC758 /* ConatinerView.swift in Sources */,
				54F046D021D1233A007FC758 /* SelectTypeCell.swift in Sources */,
				54F046CD21D120D2007FC758 /* OrderManager.swift in Sources */,
				549A289721D2A5F400D3FA58 /* MealTypeHelper.swift in Sources */,
				54F046CB21D04193007FC758 /* Intents.intentdefinition in Sources */,
				54F046E221D127E5007FC758 /* HistoryCell.swift in Sources */,
				54F046AE21D04146007FC758 /* IntentHandler.swift in Sources */,
				54F046D621D12366007FC758 /* Fonts.swift in Sources */,
				54F046D821D12374007FC758 /* Shadows.swift in Sources */,
				54F046D221D12348007FC758 /* MealTypeCell.swift in Sources */,
				54F046CF21D121D8007FC758 /* IntentManager.swift in Sources */,
			);
			runOnlyForDeploymentPostprocessing = 0;
		};
		54F046B021D04147007FC758 /* Sources */ = {
			isa = PBXSourcesBuildPhase;
			buildActionMask = 2147483647;
			files = (
				54F046E521D2554C007FC758 /* Meal.swift in Sources */,
				549A289D21D2E44300D3FA58 /* OrderMealIntentUICell.swift in Sources */,
				54F046EC21D257BC007FC758 /* Shadows.swift in Sources */,
				54F046EF21D257D6007FC758 /* UIView+CornersWithShadow.swift in Sources */,
				54F046F121D25DF5007FC758 /* ConfirmView.swift in Sources */,
				54F046EE21D257D2007FC758 /* MealTypeCell.swift in Sources */,
				549A28A121D2E5CE00D3FA58 /* Cells.swift in Sources */,
				54F046EA21D257AF007FC758 /* Colors.swift in Sources */,
				54F046E921D257A4007FC758 /* HistoryCell.swift in Sources */,
				549A28A321D2E9A800D3FA58 /* UIViewController+RegisterNibs.swift in Sources */,
				549A289821D2A5F400D3FA58 /* MealTypeHelper.swift in Sources */,
				54F046E721D2578F007FC758 /* SelectTypeCell.swift in Sources */,
				549A28A221D2E74000D3FA58 /* IntentManager.swift in Sources */,
				54F046CC21D04193007FC758 /* Intents.intentdefinition in Sources */,
				54F046B921D04147007FC758 /* IntentViewController.swift in Sources */,
				54F046ED21D257CA007FC758 /* ConatinerView.swift in Sources */,
				54F046E821D25796007FC758 /* MealType.swift in Sources */,
				54F046EB21D257B8007FC758 /* Fonts.swift in Sources */,
				54F046E421D25341007FC758 /* InvoiceView.swift in Sources */,
			);
			runOnlyForDeploymentPostprocessing = 0;
		};
/* End PBXSourcesBuildPhase section */

/* Begin PBXTargetDependency section */
		54F046BF21D04147007FC758 /* PBXTargetDependency */ = {
			isa = PBXTargetDependency;
			target = 54F046B321D04147007FC758 /* OrderMealIntentsUI */;
			targetProxy = 54F046BE21D04147007FC758 /* PBXContainerItemProxy */;
		};
		54F046C221D04147007FC758 /* PBXTargetDependency */ = {
			isa = PBXTargetDependency;
			target = 54F046AA21D04146007FC758 /* OrderMealIntents */;
			targetProxy = 54F046C121D04147007FC758 /* PBXContainerItemProxy */;
		};
/* End PBXTargetDependency section */

/* Begin PBXVariantGroup section */
		5438943D21A49C5E005435C4 /* Main.storyboard */ = {
			isa = PBXVariantGroup;
			children = (
				5438943E21A49C5E005435C4 /* Base */,
			);
			name = Main.storyboard;
			sourceTree = "<group>";
		};
		5438944221A49C5F005435C4 /* LaunchScreen.storyboard */ = {
			isa = PBXVariantGroup;
			children = (
				5438944321A49C5F005435C4 /* Base */,
			);
			name = LaunchScreen.storyboard;
			sourceTree = "<group>";
		};
		54F046BA21D04147007FC758 /* MainInterface.storyboard */ = {
			isa = PBXVariantGroup;
			children = (
				54F046BB21D04147007FC758 /* Base */,
			);
			name = MainInterface.storyboard;
			sourceTree = "<group>";
		};
		54F046FA21D26F26007FC758 /* Localizable.strings */ = {
			isa = PBXVariantGroup;
			children = (
				54F046F921D26F26007FC758 /* en */,
				54F046FB21D26F3A007FC758 /* hu */,
			);
			name = Localizable.strings;
			sourceTree = "<group>";
		};
/* End PBXVariantGroup section */

/* Begin XCBuildConfiguration section */
		5438944621A49C5F005435C4 /* Debug */ = {
			isa = XCBuildConfiguration;
			buildSettings = {
				ALWAYS_SEARCH_USER_PATHS = NO;
				CLANG_ANALYZER_LOCALIZABILITY_NONLOCALIZED = YES;
				CLANG_ANALYZER_NONNULL = YES;
				CLANG_ANALYZER_NUMBER_OBJECT_CONVERSION = YES_AGGRESSIVE;
				CLANG_CXX_LANGUAGE_STANDARD = "gnu++14";
				CLANG_CXX_LIBRARY = "libc++";
				CLANG_ENABLE_MODULES = YES;
				CLANG_ENABLE_OBJC_ARC = YES;
				CLANG_ENABLE_OBJC_WEAK = YES;
				CLANG_WARN_BLOCK_CAPTURE_AUTORELEASING = YES;
				CLANG_WARN_BOOL_CONVERSION = YES;
				CLANG_WARN_COMMA = YES;
				CLANG_WARN_CONSTANT_CONVERSION = YES;
				CLANG_WARN_DEPRECATED_OBJC_IMPLEMENTATIONS = YES;
				CLANG_WARN_DIRECT_OBJC_ISA_USAGE = YES_ERROR;
				CLANG_WARN_DOCUMENTATION_COMMENTS = YES;
				CLANG_WARN_EMPTY_BODY = YES;
				CLANG_WARN_ENUM_CONVERSION = YES;
				CLANG_WARN_INFINITE_RECURSION = YES;
				CLANG_WARN_INT_CONVERSION = YES;
				CLANG_WARN_NON_LITERAL_NULL_CONVERSION = YES;
				CLANG_WARN_OBJC_IMPLICIT_RETAIN_SELF = YES;
				CLANG_WARN_OBJC_LITERAL_CONVERSION = YES;
				CLANG_WARN_OBJC_ROOT_CLASS = YES_ERROR;
				CLANG_WARN_RANGE_LOOP_ANALYSIS = YES;
				CLANG_WARN_STRICT_PROTOTYPES = YES;
				CLANG_WARN_SUSPICIOUS_MOVE = YES;
				CLANG_WARN_UNGUARDED_AVAILABILITY = YES_AGGRESSIVE;
				CLANG_WARN_UNREACHABLE_CODE = YES;
				CLANG_WARN__DUPLICATE_METHOD_MATCH = YES;
				CODE_SIGN_IDENTITY = "iPhone Developer";
				COPY_PHASE_STRIP = NO;
				DEBUG_INFORMATION_FORMAT = dwarf;
				ENABLE_STRICT_OBJC_MSGSEND = YES;
				ENABLE_TESTABILITY = YES;
				GCC_C_LANGUAGE_STANDARD = gnu11;
				GCC_DYNAMIC_NO_PIC = NO;
				GCC_NO_COMMON_BLOCKS = YES;
				GCC_OPTIMIZATION_LEVEL = 0;
				GCC_PREPROCESSOR_DEFINITIONS = (
					"DEBUG=1",
					"$(inherited)",
				);
				GCC_WARN_64_TO_32_BIT_CONVERSION = YES;
				GCC_WARN_ABOUT_RETURN_TYPE = YES_ERROR;
				GCC_WARN_UNDECLARED_SELECTOR = YES;
				GCC_WARN_UNINITIALIZED_AUTOS = YES_AGGRESSIVE;
				GCC_WARN_UNUSED_FUNCTION = YES;
				GCC_WARN_UNUSED_VARIABLE = YES;
				IPHONEOS_DEPLOYMENT_TARGET = 12.1;
				MTL_ENABLE_DEBUG_INFO = INCLUDE_SOURCE;
				MTL_FAST_MATH = YES;
				ONLY_ACTIVE_ARCH = YES;
				SDKROOT = iphoneos;
				SWIFT_ACTIVE_COMPILATION_CONDITIONS = DEBUG;
				SWIFT_OPTIMIZATION_LEVEL = "-Onone";
			};
			name = Debug;
		};
		5438944721A49C5F005435C4 /* Release */ = {
			isa = XCBuildConfiguration;
			buildSettings = {
				ALWAYS_SEARCH_USER_PATHS = NO;
				CLANG_ANALYZER_LOCALIZABILITY_NONLOCALIZED = YES;
				CLANG_ANALYZER_NONNULL = YES;
				CLANG_ANALYZER_NUMBER_OBJECT_CONVERSION = YES_AGGRESSIVE;
				CLANG_CXX_LANGUAGE_STANDARD = "gnu++14";
				CLANG_CXX_LIBRARY = "libc++";
				CLANG_ENABLE_MODULES = YES;
				CLANG_ENABLE_OBJC_ARC = YES;
				CLANG_ENABLE_OBJC_WEAK = YES;
				CLANG_WARN_BLOCK_CAPTURE_AUTORELEASING = YES;
				CLANG_WARN_BOOL_CONVERSION = YES;
				CLANG_WARN_COMMA = YES;
				CLANG_WARN_CONSTANT_CONVERSION = YES;
				CLANG_WARN_DEPRECATED_OBJC_IMPLEMENTATIONS = YES;
				CLANG_WARN_DIRECT_OBJC_ISA_USAGE = YES_ERROR;
				CLANG_WARN_DOCUMENTATION_COMMENTS = YES;
				CLANG_WARN_EMPTY_BODY = YES;
				CLANG_WARN_ENUM_CONVERSION = YES;
				CLANG_WARN_INFINITE_RECURSION = YES;
				CLANG_WARN_INT_CONVERSION = YES;
				CLANG_WARN_NON_LITERAL_NULL_CONVERSION = YES;
				CLANG_WARN_OBJC_IMPLICIT_RETAIN_SELF = YES;
				CLANG_WARN_OBJC_LITERAL_CONVERSION = YES;
				CLANG_WARN_OBJC_ROOT_CLASS = YES_ERROR;
				CLANG_WARN_RANGE_LOOP_ANALYSIS = YES;
				CLANG_WARN_STRICT_PROTOTYPES = YES;
				CLANG_WARN_SUSPICIOUS_MOVE = YES;
				CLANG_WARN_UNGUARDED_AVAILABILITY = YES_AGGRESSIVE;
				CLANG_WARN_UNREACHABLE_CODE = YES;
				CLANG_WARN__DUPLICATE_METHOD_MATCH = YES;
				CODE_SIGN_IDENTITY = "iPhone Developer";
				COPY_PHASE_STRIP = NO;
				DEBUG_INFORMATION_FORMAT = "dwarf-with-dsym";
				ENABLE_NS_ASSERTIONS = NO;
				ENABLE_STRICT_OBJC_MSGSEND = YES;
				GCC_C_LANGUAGE_STANDARD = gnu11;
				GCC_NO_COMMON_BLOCKS = YES;
				GCC_WARN_64_TO_32_BIT_CONVERSION = YES;
				GCC_WARN_ABOUT_RETURN_TYPE = YES_ERROR;
				GCC_WARN_UNDECLARED_SELECTOR = YES;
				GCC_WARN_UNINITIALIZED_AUTOS = YES_AGGRESSIVE;
				GCC_WARN_UNUSED_FUNCTION = YES;
				GCC_WARN_UNUSED_VARIABLE = YES;
				IPHONEOS_DEPLOYMENT_TARGET = 12.1;
				MTL_ENABLE_DEBUG_INFO = NO;
				MTL_FAST_MATH = YES;
				SDKROOT = iphoneos;
				SWIFT_COMPILATION_MODE = wholemodule;
				SWIFT_OPTIMIZATION_LEVEL = "-O";
				VALIDATE_PRODUCT = YES;
			};
			name = Release;
		};
		5438944921A49C5F005435C4 /* Debug */ = {
			isa = XCBuildConfiguration;
			baseConfigurationReference = 203995BA0A3A8908D2EC8373 /* Pods-SheldonOrders.debug.xcconfig */;
			buildSettings = {
				ALWAYS_EMBED_SWIFT_STANDARD_LIBRARIES = YES;
				ASSETCATALOG_COMPILER_APPICON_NAME = AppIcon;
				CODE_SIGN_ENTITLEMENTS = SheldonOrders/SheldonOrders.entitlements;
				CODE_SIGN_STYLE = Automatic;
				DEVELOPMENT_TEAM = AFEL4SQNP4;
				INFOPLIST_FILE = SheldonOrders/Info.plist;
				IPHONEOS_DEPLOYMENT_TARGET = 12.0;
				LD_RUNPATH_SEARCH_PATHS = (
					"$(inherited)",
					"@executable_path/Frameworks",
				);
				PRODUCT_BUNDLE_IDENTIFIER = eu.codeyard.SheldonOrders;
				PRODUCT_NAME = "$(TARGET_NAME)";
				SWIFT_VERSION = 4.2;
				TARGETED_DEVICE_FAMILY = "1,2";
			};
			name = Debug;
		};
		5438944A21A49C5F005435C4 /* Release */ = {
			isa = XCBuildConfiguration;
			baseConfigurationReference = C9C7041A50A0F3ED467495C6 /* Pods-SheldonOrders.release.xcconfig */;
			buildSettings = {
				ALWAYS_EMBED_SWIFT_STANDARD_LIBRARIES = YES;
				ASSETCATALOG_COMPILER_APPICON_NAME = AppIcon;
				CODE_SIGN_ENTITLEMENTS = SheldonOrders/SheldonOrders.entitlements;
				CODE_SIGN_STYLE = Automatic;
				DEVELOPMENT_TEAM = AFEL4SQNP4;
				INFOPLIST_FILE = SheldonOrders/Info.plist;
				IPHONEOS_DEPLOYMENT_TARGET = 12.0;
				LD_RUNPATH_SEARCH_PATHS = (
					"$(inherited)",
					"@executable_path/Frameworks",
				);
				PRODUCT_BUNDLE_IDENTIFIER = eu.codeyard.SheldonOrders;
				PRODUCT_NAME = "$(TARGET_NAME)";
				SWIFT_VERSION = 4.2;
				TARGETED_DEVICE_FAMILY = "1,2";
			};
			name = Release;
		};
		54F046C521D04147007FC758 /* Debug */ = {
			isa = XCBuildConfiguration;
			baseConfigurationReference = DE37FBA86AFB77AED32FBC61 /* Pods-OrderMealIntentsUI.debug.xcconfig */;
			buildSettings = {
				CODE_SIGN_STYLE = Automatic;
				DEVELOPMENT_TEAM = AFEL4SQNP4;
				INFOPLIST_FILE = OrderMealIntentsUI/Info.plist;
				LD_RUNPATH_SEARCH_PATHS = (
					"$(inherited)",
					"@executable_path/Frameworks",
					"@executable_path/../../Frameworks",
				);
				PRODUCT_BUNDLE_IDENTIFIER = eu.codeyard.SheldonOrders.OrderMealIntentsUI;
				PRODUCT_NAME = "$(TARGET_NAME)";
				SKIP_INSTALL = YES;
				SWIFT_VERSION = 4.2;
				TARGETED_DEVICE_FAMILY = "1,2";
			};
			name = Debug;
		};
		54F046C621D04147007FC758 /* Release */ = {
			isa = XCBuildConfiguration;
			baseConfigurationReference = 89A07229651F75E8F28B1396 /* Pods-OrderMealIntentsUI.release.xcconfig */;
			buildSettings = {
				CODE_SIGN_STYLE = Automatic;
				DEVELOPMENT_TEAM = AFEL4SQNP4;
				INFOPLIST_FILE = OrderMealIntentsUI/Info.plist;
				LD_RUNPATH_SEARCH_PATHS = (
					"$(inherited)",
					"@executable_path/Frameworks",
					"@executable_path/../../Frameworks",
				);
				PRODUCT_BUNDLE_IDENTIFIER = eu.codeyard.SheldonOrders.OrderMealIntentsUI;
				PRODUCT_NAME = "$(TARGET_NAME)";
				SKIP_INSTALL = YES;
				SWIFT_VERSION = 4.2;
				TARGETED_DEVICE_FAMILY = "1,2";
			};
			name = Release;
		};
		54F046C821D04147007FC758 /* Debug */ = {
			isa = XCBuildConfiguration;
			baseConfigurationReference = 4CF54C7976D2C75FC7938DAD /* Pods-OrderMealIntents.debug.xcconfig */;
			buildSettings = {
				CODE_SIGN_ENTITLEMENTS = OrderMealIntents/OrderMealIntents.entitlements;
				CODE_SIGN_STYLE = Automatic;
				DEVELOPMENT_TEAM = AFEL4SQNP4;
				INFOPLIST_FILE = OrderMealIntents/Info.plist;
				LD_RUNPATH_SEARCH_PATHS = (
					"$(inherited)",
					"@executable_path/Frameworks",
					"@executable_path/../../Frameworks",
				);
				PRODUCT_BUNDLE_IDENTIFIER = eu.codeyard.SheldonOrders.OrderMealIntents;
				PRODUCT_NAME = "$(TARGET_NAME)";
				SKIP_INSTALL = YES;
				SWIFT_VERSION = 4.2;
				TARGETED_DEVICE_FAMILY = "1,2";
			};
			name = Debug;
		};
		54F046C921D04147007FC758 /* Release */ = {
			isa = XCBuildConfiguration;
			baseConfigurationReference = BB7244B8D2C2A73EBED748E2 /* Pods-OrderMealIntents.release.xcconfig */;
			buildSettings = {
				CODE_SIGN_ENTITLEMENTS = OrderMealIntents/OrderMealIntents.entitlements;
				CODE_SIGN_STYLE = Automatic;
				DEVELOPMENT_TEAM = AFEL4SQNP4;
				INFOPLIST_FILE = OrderMealIntents/Info.plist;
				LD_RUNPATH_SEARCH_PATHS = (
					"$(inherited)",
					"@executable_path/Frameworks",
					"@executable_path/../../Frameworks",
				);
				PRODUCT_BUNDLE_IDENTIFIER = eu.codeyard.SheldonOrders.OrderMealIntents;
				PRODUCT_NAME = "$(TARGET_NAME)";
				SKIP_INSTALL = YES;
				SWIFT_VERSION = 4.2;
				TARGETED_DEVICE_FAMILY = "1,2";
			};
			name = Release;
		};
/* End XCBuildConfiguration section */

/* Begin XCConfigurationList section */
		5438943121A49C5D005435C4 /* Build configuration list for PBXProject "SheldonOrders" */ = {
			isa = XCConfigurationList;
			buildConfigurations = (
				5438944621A49C5F005435C4 /* Debug */,
				5438944721A49C5F005435C4 /* Release */,
			);
			defaultConfigurationIsVisible = 0;
			defaultConfigurationName = Release;
		};
		5438944821A49C5F005435C4 /* Build configuration list for PBXNativeTarget "SheldonOrders" */ = {
			isa = XCConfigurationList;
			buildConfigurations = (
				5438944921A49C5F005435C4 /* Debug */,
				5438944A21A49C5F005435C4 /* Release */,
			);
			defaultConfigurationIsVisible = 0;
			defaultConfigurationName = Release;
		};
		54F046C421D04147007FC758 /* Build configuration list for PBXNativeTarget "OrderMealIntentsUI" */ = {
			isa = XCConfigurationList;
			buildConfigurations = (
				54F046C521D04147007FC758 /* Debug */,
				54F046C621D04147007FC758 /* Release */,
			);
			defaultConfigurationIsVisible = 0;
			defaultConfigurationName = Release;
		};
		54F046C721D04147007FC758 /* Build configuration list for PBXNativeTarget "OrderMealIntents" */ = {
			isa = XCConfigurationList;
			buildConfigurations = (
				54F046C821D04147007FC758 /* Debug */,
				54F046C921D04147007FC758 /* Release */,
			);
			defaultConfigurationIsVisible = 0;
			defaultConfigurationName = Release;
		};
/* End XCConfigurationList section */
	};
	rootObject = 5438942E21A49C5D005435C4 /* Project object */;
}
